
Microsoft Visual Studio Solution File, Format Version 12.00
# Visual Studio 14
VisualStudioVersion = 14.0.25420.1
MinimumVisualStudioVersion = 10.0.40219.1
Project("{A07B5EB6-E848-4116-A8D0-A826331D98C6}") = "VehiclesSFApp", "VehiclesSFApp\VehiclesSFApp.sfproj", "{02CF626E-88D4-42BE-B6B0-E6565AF98015}"
EndProject
Project("{FAE04EC0-301F-11D3-BF4B-00C04F79EFBC}") = "VehiclesStatefulService", "VehiclesStatefulService\VehiclesStatefulService.csproj", "{27D73D17-9CEB-4853-B2E0-9B76ABB172F3}"
EndProject
Project("{8BB2217D-0F2D-49D1-97BC-3654ED321F3B}") = "VehiclesStatelessGateway_RC2", "VehiclesStatelessGateway_RC2\VehiclesStatelessGateway_RC2.xproj", "{8500539C-D048-4669-8D5C-21A1166DFC25}"
EndProject
Project("{8BB2217D-0F2D-49D1-97BC-3654ED321F3B}") = "VehiclesStatelessGateway", "VehiclesStatelessGateway\VehiclesStatelessGateway.xproj", "{F76E6A10-63E8-4937-BDF7-1781B705860D}"
EndProject
Project("{FAE04EC0-301F-11D3-BF4B-00C04F79EFBC}") = "VehiclesStatelessGateway.OWIN", "VehiclesStatelessGateway.OWIN\VehiclesStatelessGateway.OWIN.csproj", "{931C5B60-3E28-474B-B92A-FF890A832704}"
EndProject
Project("{FAE04EC0-301F-11D3-BF4B-00C04F79EFBC}") = "Vehicles.Domain", "VehiclesStatefulService.Domain\Vehicles.Domain.csproj", "{7DF5CE32-5A9B-4755-9AAD-24BF1F01BE28}"
EndProject
Project("{2150E333-8FDC-42A3-9474-1A3956D46DE8}") = "02 Common Libs", "02 Common Libs", "{E4D04195-A414-4A62-AC97-4FA0FA3C10CC}"
EndProject
Project("{FAE04EC0-301F-11D3-BF4B-00C04F79EFBC}") = "GeographicLib", "GeographicLib\GeographicLib.csproj", "{DAAAF06D-4E67-4442-B695-3CC3A26E4E17}"
EndProject
Project("{FAE04EC0-301F-11D3-BF4B-00C04F79EFBC}") = "GeographicUseCmd", "GeographicUseCmd\GeographicUseCmd.csproj", "{8D7B7E3B-83B3-4D04-BDAE-07541F91B922}"
EndProject
Project("{FAE04EC0-301F-11D3-BF4B-00C04F79EFBC}") = "DummyActor", "DummyActor\DummyActor.csproj", "{0337A95D-6231-46EF-9DF0-3171E5E14ACF}"
EndProject
Project("{FAE04EC0-301F-11D3-BF4B-00C04F79EFBC}") = "DummyActor.Interfaces", "DummyActor.Interfaces\DummyActor.Interfaces.csproj", "{D059F562-864D-4D5D-98EB-E0656A1884F5}"
EndProject
Project("{FAE04EC0-301F-11D3-BF4B-00C04F79EFBC}") = "VehicleActor", "VehicleActor\VehicleActor.csproj", "{0DE99ED9-61C4-4DA5-9834-FF82A89FBE29}"
EndProject
Project("{2150E333-8FDC-42A3-9474-1A3956D46DE8}") = "06 Actor Services", "06 Actor Services", "{699E7678-1907-4FF9-A866-7D6634C9719F}"
EndProject
Project("{2150E333-8FDC-42A3-9474-1A3956D46DE8}") = "05 Stateful Reliable Services", "05 Stateful Reliable Services", "{8D0519D4-23A7-48E9-98B5-17521E2E3947}"
EndProject
Project("{2150E333-8FDC-42A3-9474-1A3956D46DE8}") = "04 Gateway Services", "04 Gateway Services", "{B4930199-7DDC-4A35-8F5C-05B5514261A2}"
EndProject
Project("{2150E333-8FDC-42A3-9474-1A3956D46DE8}") = "01 Service Fabric App Metadata", "01 Service Fabric App Metadata", "{6E47A094-1211-4FC0-91FC-18469498282F}"
EndProject
Project("{2150E333-8FDC-42A3-9474-1A3956D46DE8}") = "03 Domain", "03 Domain", "{3712C121-24BE-4761-9E46-88AAC729370D}"
EndProject
Project("{FAE04EC0-301F-11D3-BF4B-00C04F79EFBC}") = "VehiclesStatelessGatewayOoC.OWIN", "VehiclesStatelessGatewayOoC.OWIN\VehiclesStatelessGatewayOoC.OWIN.csproj", "{B48C5E31-4F7E-44A5-90BA-7031635E76C2}"
EndProject
Project("{FAE04EC0-301F-11D3-BF4B-00C04F79EFBC}") = "VehiclesBotService", "VehiclesBotService\VehiclesBotService.csproj", "{BC62D4DB-F727-455C-86BF-6793D2E10715}"
EndProject
Project("{2150E333-8FDC-42A3-9474-1A3956D46DE8}") = "07 Bot Services", "07 Bot Services", "{1F0D1B2C-6F9D-4859-A122-E9276D1347A1}"
EndProject
Global
	GlobalSection(SolutionConfigurationPlatforms) = preSolution
		Debug|Any CPU = Debug|Any CPU
		Debug|x64 = Debug|x64
		Release|Any CPU = Release|Any CPU
		Release|x64 = Release|x64
	EndGlobalSection
	GlobalSection(ProjectConfigurationPlatforms) = postSolution
		{02CF626E-88D4-42BE-B6B0-E6565AF98015}.Debug|Any CPU.ActiveCfg = Debug|x64
		{02CF626E-88D4-42BE-B6B0-E6565AF98015}.Debug|x64.ActiveCfg = Debug|x64
		{02CF626E-88D4-42BE-B6B0-E6565AF98015}.Debug|x64.Build.0 = Debug|x64
		{02CF626E-88D4-42BE-B6B0-E6565AF98015}.Debug|x64.Deploy.0 = Debug|x64
		{02CF626E-88D4-42BE-B6B0-E6565AF98015}.Release|Any CPU.ActiveCfg = Release|x64
		{02CF626E-88D4-42BE-B6B0-E6565AF98015}.Release|x64.ActiveCfg = Release|x64
		{02CF626E-88D4-42BE-B6B0-E6565AF98015}.Release|x64.Build.0 = Release|x64
		{02CF626E-88D4-42BE-B6B0-E6565AF98015}.Release|x64.Deploy.0 = Release|x64
		{27D73D17-9CEB-4853-B2E0-9B76ABB172F3}.Debug|Any CPU.ActiveCfg = Debug|x64
		{27D73D17-9CEB-4853-B2E0-9B76ABB172F3}.Debug|x64.ActiveCfg = Debug|x64
		{27D73D17-9CEB-4853-B2E0-9B76ABB172F3}.Debug|x64.Build.0 = Debug|x64
		{27D73D17-9CEB-4853-B2E0-9B76ABB172F3}.Release|Any CPU.ActiveCfg = Release|x64
		{27D73D17-9CEB-4853-B2E0-9B76ABB172F3}.Release|x64.ActiveCfg = Release|x64
		{27D73D17-9CEB-4853-B2E0-9B76ABB172F3}.Release|x64.Build.0 = Release|x64
		{8500539C-D048-4669-8D5C-21A1166DFC25}.Debug|Any CPU.ActiveCfg = Debug|Any CPU
		{8500539C-D048-4669-8D5C-21A1166DFC25}.Debug|Any CPU.Build.0 = Debug|Any CPU
		{8500539C-D048-4669-8D5C-21A1166DFC25}.Debug|x64.ActiveCfg = Debug|Any CPU
		{8500539C-D048-4669-8D5C-21A1166DFC25}.Debug|x64.Build.0 = Debug|Any CPU
		{8500539C-D048-4669-8D5C-21A1166DFC25}.Release|Any CPU.ActiveCfg = Release|Any CPU
		{8500539C-D048-4669-8D5C-21A1166DFC25}.Release|Any CPU.Build.0 = Release|Any CPU
		{8500539C-D048-4669-8D5C-21A1166DFC25}.Release|x64.ActiveCfg = Release|Any CPU
		{8500539C-D048-4669-8D5C-21A1166DFC25}.Release|x64.Build.0 = Release|Any CPU
		{F76E6A10-63E8-4937-BDF7-1781B705860D}.Debug|Any CPU.ActiveCfg = Debug|Any CPU
		{F76E6A10-63E8-4937-BDF7-1781B705860D}.Debug|Any CPU.Build.0 = Debug|Any CPU
		{F76E6A10-63E8-4937-BDF7-1781B705860D}.Debug|x64.ActiveCfg = Debug|Any CPU
		{F76E6A10-63E8-4937-BDF7-1781B705860D}.Debug|x64.Build.0 = Debug|Any CPU
		{F76E6A10-63E8-4937-BDF7-1781B705860D}.Release|Any CPU.ActiveCfg = Release|Any CPU
		{F76E6A10-63E8-4937-BDF7-1781B705860D}.Release|Any CPU.Build.0 = Release|Any CPU
		{F76E6A10-63E8-4937-BDF7-1781B705860D}.Release|x64.ActiveCfg = Release|Any CPU
		{F76E6A10-63E8-4937-BDF7-1781B705860D}.Release|x64.Build.0 = Release|Any CPU
		{931C5B60-3E28-474B-B92A-FF890A832704}.Debug|Any CPU.ActiveCfg = Debug|x64
		{931C5B60-3E28-474B-B92A-FF890A832704}.Debug|x64.ActiveCfg = Debug|x64
		{931C5B60-3E28-474B-B92A-FF890A832704}.Debug|x64.Build.0 = Debug|x64
		{931C5B60-3E28-474B-B92A-FF890A832704}.Release|Any CPU.ActiveCfg = Release|x64
		{931C5B60-3E28-474B-B92A-FF890A832704}.Release|x64.ActiveCfg = Release|x64
		{931C5B60-3E28-474B-B92A-FF890A832704}.Release|x64.Build.0 = Release|x64
		{7DF5CE32-5A9B-4755-9AAD-24BF1F01BE28}.Debug|Any CPU.ActiveCfg = Debug|Any CPU
		{7DF5CE32-5A9B-4755-9AAD-24BF1F01BE28}.Debug|Any CPU.Build.0 = Debug|Any CPU
		{7DF5CE32-5A9B-4755-9AAD-24BF1F01BE28}.Debug|x64.ActiveCfg = Debug|Any CPU
		{7DF5CE32-5A9B-4755-9AAD-24BF1F01BE28}.Debug|x64.Build.0 = Debug|Any CPU
		{7DF5CE32-5A9B-4755-9AAD-24BF1F01BE28}.Release|Any CPU.ActiveCfg = Release|Any CPU
		{7DF5CE32-5A9B-4755-9AAD-24BF1F01BE28}.Release|Any CPU.Build.0 = Release|Any CPU
		{7DF5CE32-5A9B-4755-9AAD-24BF1F01BE28}.Release|x64.ActiveCfg = Release|Any CPU
		{7DF5CE32-5A9B-4755-9AAD-24BF1F01BE28}.Release|x64.Build.0 = Release|Any CPU
		{DAAAF06D-4E67-4442-B695-3CC3A26E4E17}.Debug|Any CPU.ActiveCfg = Debug|Any CPU
		{DAAAF06D-4E67-4442-B695-3CC3A26E4E17}.Debug|Any CPU.Build.0 = Debug|Any CPU
		{DAAAF06D-4E67-4442-B695-3CC3A26E4E17}.Debug|x64.ActiveCfg = Debug|Any CPU
		{DAAAF06D-4E67-4442-B695-3CC3A26E4E17}.Debug|x64.Build.0 = Debug|Any CPU
		{DAAAF06D-4E67-4442-B695-3CC3A26E4E17}.Release|Any CPU.ActiveCfg = Release|Any CPU
		{DAAAF06D-4E67-4442-B695-3CC3A26E4E17}.Release|Any CPU.Build.0 = Release|Any CPU
		{DAAAF06D-4E67-4442-B695-3CC3A26E4E17}.Release|x64.ActiveCfg = Release|Any CPU
		{DAAAF06D-4E67-4442-B695-3CC3A26E4E17}.Release|x64.Build.0 = Release|Any CPU
		{8D7B7E3B-83B3-4D04-BDAE-07541F91B922}.Debug|Any CPU.ActiveCfg = Debug|Any CPU
		{8D7B7E3B-83B3-4D04-BDAE-07541F91B922}.Debug|Any CPU.Build.0 = Debug|Any CPU
		{8D7B7E3B-83B3-4D04-BDAE-07541F91B922}.Debug|x64.ActiveCfg = Debug|Any CPU
		{8D7B7E3B-83B3-4D04-BDAE-07541F91B922}.Debug|x64.Build.0 = Debug|Any CPU
		{8D7B7E3B-83B3-4D04-BDAE-07541F91B922}.Release|Any CPU.ActiveCfg = Release|Any CPU
		{8D7B7E3B-83B3-4D04-BDAE-07541F91B922}.Release|Any CPU.Build.0 = Release|Any CPU
		{8D7B7E3B-83B3-4D04-BDAE-07541F91B922}.Release|x64.ActiveCfg = Release|Any CPU
		{8D7B7E3B-83B3-4D04-BDAE-07541F91B922}.Release|x64.Build.0 = Release|Any CPU
		{0337A95D-6231-46EF-9DF0-3171E5E14ACF}.Debug|Any CPU.ActiveCfg = Debug|x64
		{0337A95D-6231-46EF-9DF0-3171E5E14ACF}.Debug|x64.ActiveCfg = Debug|x64
		{0337A95D-6231-46EF-9DF0-3171E5E14ACF}.Debug|x64.Build.0 = Debug|x64
		{0337A95D-6231-46EF-9DF0-3171E5E14ACF}.Release|Any CPU.ActiveCfg = Release|x64
		{0337A95D-6231-46EF-9DF0-3171E5E14ACF}.Release|x64.ActiveCfg = Release|x64
		{0337A95D-6231-46EF-9DF0-3171E5E14ACF}.Release|x64.Build.0 = Release|x64
		{D059F562-864D-4D5D-98EB-E0656A1884F5}.Debug|Any CPU.ActiveCfg = Debug|x64
		{D059F562-864D-4D5D-98EB-E0656A1884F5}.Debug|x64.ActiveCfg = Debug|x64
		{D059F562-864D-4D5D-98EB-E0656A1884F5}.Debug|x64.Build.0 = Debug|x64
		{D059F562-864D-4D5D-98EB-E0656A1884F5}.Release|Any CPU.ActiveCfg = Release|x64
		{D059F562-864D-4D5D-98EB-E0656A1884F5}.Release|x64.ActiveCfg = Release|x64
		{D059F562-864D-4D5D-98EB-E0656A1884F5}.Release|x64.Build.0 = Release|x64
		{0DE99ED9-61C4-4DA5-9834-FF82A89FBE29}.Debug|Any CPU.ActiveCfg = Debug|x64
		{0DE99ED9-61C4-4DA5-9834-FF82A89FBE29}.Debug|x64.ActiveCfg = Debug|x64
		{0DE99ED9-61C4-4DA5-9834-FF82A89FBE29}.Debug|x64.Build.0 = Debug|x64
		{0DE99ED9-61C4-4DA5-9834-FF82A89FBE29}.Release|Any CPU.ActiveCfg = Release|x64
		{0DE99ED9-61C4-4DA5-9834-FF82A89FBE29}.Release|x64.ActiveCfg = Release|x64
		{0DE99ED9-61C4-4DA5-9834-FF82A89FBE29}.Release|x64.Build.0 = Release|x64
		{B48C5E31-4F7E-44A5-90BA-7031635E76C2}.Debug|Any CPU.ActiveCfg = Debug|Any CPU
		{B48C5E31-4F7E-44A5-90BA-7031635E76C2}.Debug|Any CPU.Build.0 = Debug|Any CPU
		{B48C5E31-4F7E-44A5-90BA-7031635E76C2}.Debug|x64.ActiveCfg = Debug|Any CPU
		{B48C5E31-4F7E-44A5-90BA-7031635E76C2}.Debug|x64.Build.0 = Debug|Any CPU
		{B48C5E31-4F7E-44A5-90BA-7031635E76C2}.Release|Any CPU.ActiveCfg = Release|Any CPU
		{B48C5E31-4F7E-44A5-90BA-7031635E76C2}.Release|Any CPU.Build.0 = Release|Any CPU
		{B48C5E31-4F7E-44A5-90BA-7031635E76C2}.Release|x64.ActiveCfg = Release|Any CPU
		{B48C5E31-4F7E-44A5-90BA-7031635E76C2}.Release|x64.Build.0 = Release|Any CPU
		{BC62D4DB-F727-455C-86BF-6793D2E10715}.Debug|Any CPU.ActiveCfg = Debug|x64
		{BC62D4DB-F727-455C-86BF-6793D2E10715}.Debug|x64.ActiveCfg = Debug|x64
		{BC62D4DB-F727-455C-86BF-6793D2E10715}.Debug|x64.Build.0 = Debug|x64
		{BC62D4DB-F727-455C-86BF-6793D2E10715}.Release|Any CPU.ActiveCfg = Release|x64
		{BC62D4DB-F727-455C-86BF-6793D2E10715}.Release|x64.ActiveCfg = Release|x64
		{BC62D4DB-F727-455C-86BF-6793D2E10715}.Release|x64.Build.0 = Release|x64
	EndGlobalSection
	GlobalSection(SolutionProperties) = preSolution
		HideSolutionNode = FALSE
	EndGlobalSection
	GlobalSection(NestedProjects) = preSolution
		{02CF626E-88D4-42BE-B6B0-E6565AF98015} = {6E47A094-1211-4FC0-91FC-18469498282F}
		{27D73D17-9CEB-4853-B2E0-9B76ABB172F3} = {8D0519D4-23A7-48E9-98B5-17521E2E3947}
		{8500539C-D048-4669-8D5C-21A1166DFC25} = {B4930199-7DDC-4A35-8F5C-05B5514261A2}
		{F76E6A10-63E8-4937-BDF7-1781B705860D} = {B4930199-7DDC-4A35-8F5C-05B5514261A2}
		{931C5B60-3E28-474B-B92A-FF890A832704} = {B4930199-7DDC-4A35-8F5C-05B5514261A2}
		{7DF5CE32-5A9B-4755-9AAD-24BF1F01BE28} = {3712C121-24BE-4761-9E46-88AAC729370D}
		{DAAAF06D-4E67-4442-B695-3CC3A26E4E17} = {E4D04195-A414-4A62-AC97-4FA0FA3C10CC}
		{8D7B7E3B-83B3-4D04-BDAE-07541F91B922} = {E4D04195-A414-4A62-AC97-4FA0FA3C10CC}
		{0337A95D-6231-46EF-9DF0-3171E5E14ACF} = {699E7678-1907-4FF9-A866-7D6634C9719F}
		{D059F562-864D-4D5D-98EB-E0656A1884F5} = {699E7678-1907-4FF9-A866-7D6634C9719F}
		{0DE99ED9-61C4-4DA5-9834-FF82A89FBE29} = {699E7678-1907-4FF9-A866-7D6634C9719F}
		{B48C5E31-4F7E-44A5-90BA-7031635E76C2} = {B4930199-7DDC-4A35-8F5C-05B5514261A2}
		{BC62D4DB-F727-455C-86BF-6793D2E10715} = {1F0D1B2C-6F9D-4859-A122-E9276D1347A1}
	EndGlobalSection
EndGlobal
