
Microsoft Visual Studio Solution File, Format Version 12.00
# Visual Studio 14
VisualStudioVersion = 14.0.25420.1
MinimumVisualStudioVersion = 10.0.40219.1
Project("{A07B5EB6-E848-4116-A8D0-A826331D98C6}") = "VehiclesSFApp", "VehiclesSFApp\VehiclesSFApp.sfproj", "{02CF626E-88D4-42BE-B6B0-E6565AF98015}"
EndProject
Project("{FAE04EC0-301F-11D3-BF4B-00C04F79EFBC}") = "VehiclesStatefulService", "VehiclesStatefulService\VehiclesStatefulService.csproj", "{27D73D17-9CEB-4853-B2E0-9B76ABB172F3}"
EndProject
Project("{8BB2217D-0F2D-49D1-97BC-3654ED321F3B}") = "VehiclesStatelessGateway_RC2", "VehiclesStatelessGateway_RC2\VehiclesStatelessGateway_RC2.xproj", "{8500539C-D048-4669-8D5C-21A1166DFC25}"
EndProject
Project("{8BB2217D-0F2D-49D1-97BC-3654ED321F3B}") = "VehiclesStatelessGateway", "VehiclesStatelessGateway\VehiclesStatelessGateway.xproj", "{F76E6A10-63E8-4937-BDF7-1781B705860D}"
EndProject
Project("{FAE04EC0-301F-11D3-BF4B-00C04F79EFBC}") = "VehiclesStatelessGateway.OWIN", "VehiclesStatelessGateway.OWIN\VehiclesStatelessGateway.OWIN.csproj", "{931C5B60-3E28-474B-B92A-FF890A832704}"
EndProject
Project("{FAE04EC0-301F-11D3-BF4B-00C04F79EFBC}") = "Vehicles.Domain", "VehiclesStatefulService.Domain\Vehicles.Domain.csproj", "{7DF5CE32-5A9B-4755-9AAD-24BF1F01BE28}"
EndProject
Project("{2150E333-8FDC-42A3-9474-1A3956D46DE8}") = "Common", "Common", "{E4D04195-A414-4A62-AC97-4FA0FA3C10CC}"
EndProject
Project("{FAE04EC0-301F-11D3-BF4B-00C04F79EFBC}") = "GeographicLib", "GeographicLib\GeographicLib.csproj", "{DAAAF06D-4E67-4442-B695-3CC3A26E4E17}"
EndProject
Project("{FAE04EC0-301F-11D3-BF4B-00C04F79EFBC}") = "GeographicUseCmd", "GeographicUseCmd\GeographicUseCmd.csproj", "{8D7B7E3B-83B3-4D04-BDAE-07541F91B922}"
EndProject
Global
	GlobalSection(SolutionConfigurationPlatforms) = preSolution
		Debug|Any CPU = Debug|Any CPU
		Debug|x64 = Debug|x64
		Release|Any CPU = Release|Any CPU
		Release|x64 = Release|x64
	EndGlobalSection
	GlobalSection(ProjectConfigurationPlatforms) = postSolution
		{02CF626E-88D4-42BE-B6B0-E6565AF98015}.Debug|Any CPU.ActiveCfg = Debug|x64
		{02CF626E-88D4-42BE-B6B0-E6565AF98015}.Debug|x64.ActiveCfg = Debug|x64
		{02CF626E-88D4-42BE-B6B0-E6565AF98015}.Debug|x64.Build.0 = Debug|x64
		{02CF626E-88D4-42BE-B6B0-E6565AF98015}.Debug|x64.Deploy.0 = Debug|x64
		{02CF626E-88D4-42BE-B6B0-E6565AF98015}.Release|Any CPU.ActiveCfg = Release|x64
		{02CF626E-88D4-42BE-B6B0-E6565AF98015}.Release|x64.ActiveCfg = Release|x64
		{02CF626E-88D4-42BE-B6B0-E6565AF98015}.Release|x64.Build.0 = Release|x64
		{02CF626E-88D4-42BE-B6B0-E6565AF98015}.Release|x64.Deploy.0 = Release|x64
		{27D73D17-9CEB-4853-B2E0-9B76ABB172F3}.Debug|Any CPU.ActiveCfg = Debug|x64
		{27D73D17-9CEB-4853-B2E0-9B76ABB172F3}.Debug|x64.ActiveCfg = Debug|x64
		{27D73D17-9CEB-4853-B2E0-9B76ABB172F3}.Debug|x64.Build.0 = Debug|x64
		{27D73D17-9CEB-4853-B2E0-9B76ABB172F3}.Release|Any CPU.ActiveCfg = Release|x64
		{27D73D17-9CEB-4853-B2E0-9B76ABB172F3}.Release|x64.ActiveCfg = Release|x64
		{27D73D17-9CEB-4853-B2E0-9B76ABB172F3}.Release|x64.Build.0 = Release|x64
		{8500539C-D048-4669-8D5C-21A1166DFC25}.Debug|Any CPU.ActiveCfg = Debug|Any CPU
		{8500539C-D048-4669-8D5C-21A1166DFC25}.Debug|Any CPU.Build.0 = Debug|Any CPU
		{8500539C-D048-4669-8D5C-21A1166DFC25}.Debug|x64.ActiveCfg = Debug|Any CPU
		{8500539C-D048-4669-8D5C-21A1166DFC25}.Debug|x64.Build.0 = Debug|Any CPU
		{8500539C-D048-4669-8D5C-21A1166DFC25}.Release|Any CPU.ActiveCfg = Release|Any CPU
		{8500539C-D048-4669-8D5C-21A1166DFC25}.Release|Any CPU.Build.0 = Release|Any CPU
		{8500539C-D048-4669-8D5C-21A1166DFC25}.Release|x64.ActiveCfg = Release|Any CPU
		{8500539C-D048-4669-8D5C-21A1166DFC25}.Release|x64.Build.0 = Release|Any CPU
		{F76E6A10-63E8-4937-BDF7-1781B705860D}.Debug|Any CPU.ActiveCfg = Debug|Any CPU
		{F76E6A10-63E8-4937-BDF7-1781B705860D}.Debug|Any CPU.Build.0 = Debug|Any CPU
		{F76E6A10-63E8-4937-BDF7-1781B705860D}.Debug|x64.ActiveCfg = Debug|Any CPU
		{F76E6A10-63E8-4937-BDF7-1781B705860D}.Debug|x64.Build.0 = Debug|Any CPU
		{F76E6A10-63E8-4937-BDF7-1781B705860D}.Release|Any CPU.ActiveCfg = Release|Any CPU
		{F76E6A10-63E8-4937-BDF7-1781B705860D}.Release|Any CPU.Build.0 = Release|Any CPU
		{F76E6A10-63E8-4937-BDF7-1781B705860D}.Release|x64.ActiveCfg = Release|Any CPU
		{F76E6A10-63E8-4937-BDF7-1781B705860D}.Release|x64.Build.0 = Release|Any CPU
		{931C5B60-3E28-474B-B92A-FF890A832704}.Debug|Any CPU.ActiveCfg = Debug|x64
		{931C5B60-3E28-474B-B92A-FF890A832704}.Debug|x64.ActiveCfg = Debug|x64
		{931C5B60-3E28-474B-B92A-FF890A832704}.Debug|x64.Build.0 = Debug|x64
		{931C5B60-3E28-474B-B92A-FF890A832704}.Release|Any CPU.ActiveCfg = Release|x64
		{931C5B60-3E28-474B-B92A-FF890A832704}.Release|x64.ActiveCfg = Release|x64
		{931C5B60-3E28-474B-B92A-FF890A832704}.Release|x64.Build.0 = Release|x64
		{7DF5CE32-5A9B-4755-9AAD-24BF1F01BE28}.Debug|Any CPU.ActiveCfg = Debug|Any CPU
		{7DF5CE32-5A9B-4755-9AAD-24BF1F01BE28}.Debug|Any CPU.Build.0 = Debug|Any CPU
		{7DF5CE32-5A9B-4755-9AAD-24BF1F01BE28}.Debug|x64.ActiveCfg = Debug|Any CPU
		{7DF5CE32-5A9B-4755-9AAD-24BF1F01BE28}.Debug|x64.Build.0 = Debug|Any CPU
		{7DF5CE32-5A9B-4755-9AAD-24BF1F01BE28}.Release|Any CPU.ActiveCfg = Release|Any CPU
		{7DF5CE32-5A9B-4755-9AAD-24BF1F01BE28}.Release|Any CPU.Build.0 = Release|Any CPU
		{7DF5CE32-5A9B-4755-9AAD-24BF1F01BE28}.Release|x64.ActiveCfg = Release|Any CPU
		{7DF5CE32-5A9B-4755-9AAD-24BF1F01BE28}.Release|x64.Build.0 = Release|Any CPU
		{DAAAF06D-4E67-4442-B695-3CC3A26E4E17}.Debug|Any CPU.ActiveCfg = Debug|Any CPU
		{DAAAF06D-4E67-4442-B695-3CC3A26E4E17}.Debug|Any CPU.Build.0 = Debug|Any CPU
		{DAAAF06D-4E67-4442-B695-3CC3A26E4E17}.Debug|x64.ActiveCfg = Debug|Any CPU
		{DAAAF06D-4E67-4442-B695-3CC3A26E4E17}.Debug|x64.Build.0 = Debug|Any CPU
		{DAAAF06D-4E67-4442-B695-3CC3A26E4E17}.Release|Any CPU.ActiveCfg = Release|Any CPU
		{DAAAF06D-4E67-4442-B695-3CC3A26E4E17}.Release|Any CPU.Build.0 = Release|Any CPU
		{DAAAF06D-4E67-4442-B695-3CC3A26E4E17}.Release|x64.ActiveCfg = Release|Any CPU
		{DAAAF06D-4E67-4442-B695-3CC3A26E4E17}.Release|x64.Build.0 = Release|Any CPU
		{8D7B7E3B-83B3-4D04-BDAE-07541F91B922}.Debug|Any CPU.ActiveCfg = Debug|Any CPU
		{8D7B7E3B-83B3-4D04-BDAE-07541F91B922}.Debug|Any CPU.Build.0 = Debug|Any CPU
		{8D7B7E3B-83B3-4D04-BDAE-07541F91B922}.Debug|x64.ActiveCfg = Debug|Any CPU
		{8D7B7E3B-83B3-4D04-BDAE-07541F91B922}.Debug|x64.Build.0 = Debug|Any CPU
		{8D7B7E3B-83B3-4D04-BDAE-07541F91B922}.Release|Any CPU.ActiveCfg = Release|Any CPU
		{8D7B7E3B-83B3-4D04-BDAE-07541F91B922}.Release|Any CPU.Build.0 = Release|Any CPU
		{8D7B7E3B-83B3-4D04-BDAE-07541F91B922}.Release|x64.ActiveCfg = Release|Any CPU
		{8D7B7E3B-83B3-4D04-BDAE-07541F91B922}.Release|x64.Build.0 = Release|Any CPU
	EndGlobalSection
	GlobalSection(SolutionProperties) = preSolution
		HideSolutionNode = FALSE
	EndGlobalSection
	GlobalSection(NestedProjects) = preSolution
		{DAAAF06D-4E67-4442-B695-3CC3A26E4E17} = {E4D04195-A414-4A62-AC97-4FA0FA3C10CC}
		{8D7B7E3B-83B3-4D04-BDAE-07541F91B922} = {E4D04195-A414-4A62-AC97-4FA0FA3C10CC}
	EndGlobalSection
EndGlobal
