
Microsoft Visual Studio Solution File, Format Version 12.00
# Visual Studio 14
VisualStudioVersion = 14.0.25420.1
MinimumVisualStudioVersion = 10.0.40219.1
Project("{FAE04EC0-301F-11D3-BF4B-00C04F79EFBC}") = "MyWorld.Client.Droid", "ClientApps\MyWorld.Client\MyWorld.Client.Droid\MyWorld.Client.Droid.csproj", "{B6F19AFF-30FA-499F-B555-B0ECCDBE7FFC}"
EndProject
Project("{FAE04EC0-301F-11D3-BF4B-00C04F79EFBC}") = "MyWorld.Client.iOS", "ClientApps\MyWorld.Client\MyWorld.Client.iOS\MyWorld.Client.iOS.csproj", "{77A85AEB-2273-4C03-9A7E-6F90451C1038}"
EndProject
Project("{FAE04EC0-301F-11D3-BF4B-00C04F79EFBC}") = "MyWorld.Client.UWP", "ClientApps\MyWorld.Client\MyWorld.Client.UWP\MyWorld.Client.UWP.csproj", "{16313E55-657A-4087-8DF1-57075383FCD6}"
EndProject
Project("{2150E333-8FDC-42A3-9474-1A3956D46DE8}") = "Shared Code", "Shared Code", "{60A1EA5B-C361-4175-9ECF-0DB1A6EDB69E}"
EndProject
Project("{2150E333-8FDC-42A3-9474-1A3956D46DE8}") = "Targets", "Targets", "{04C757D8-4F77-495C-80D6-5642F77A5899}"
EndProject
Project("{FAE04EC0-301F-11D3-BF4B-00C04F79EFBC}") = "MyWorld.Client.UI", "ClientApps\MyWorld.Client\MyWorld.Client.UI\MyWorld.Client.UI.csproj", "{AEC86342-22CA-45F4-BC5F-05A1991BED5D}"
EndProject
Project("{FAE04EC0-301F-11D3-BF4B-00C04F79EFBC}") = "MyWorld.Client.Core", "ClientApps\MyWorld.Client\MyWorld.Client.Core\MyWorld.Client.Core.csproj", "{67F9D3A8-F71E-4428-913F-C37AE82CDB24}"
EndProject
Project("{2150E333-8FDC-42A3-9474-1A3956D46DE8}") = "Tests", "Tests", "{6C629A45-5C72-4C9E-A933-B4453EA051BD}"
EndProject
Project("{FAE04EC0-301F-11D3-BF4B-00C04F79EFBC}") = "MyWorld.ClientApps.UnitTests", "ClientApps\MyWorld.ClientApps.UnitTests\MyWorld.ClientApps.UnitTests.csproj", "{8E7363A4-0C7F-4F12-BE77-311CB606C25D}"
EndProject
Project("{FAE04EC0-301F-11D3-BF4B-00C04F79EFBC}") = "MyWorld.ClientApps.TestRunner.iOS", "ClientApps\MyWorld.ClientApps.TestRunner.iOS\MyWorld.ClientApps.TestRunner.iOS.csproj", "{655E0E6A-F84E-4952-BAD5-C8592BA807F8}"
EndProject
Project("{FAE04EC0-301F-11D3-BF4B-00C04F79EFBC}") = "MyWorld.ClientApps.TestRunner.Android", "ClientApps\MyWorld.ClientApps.TestRunner.Android\MyWorld.ClientApps.TestRunner.Android.csproj", "{70B982E2-5866-4AF2-9CDA-AE70E7331D48}"
EndProject
Project("{2150E333-8FDC-42A3-9474-1A3956D46DE8}") = "ClientApps", "ClientApps", "{0654DFF5-4C73-4E0E-BFDF-3EFD7DDC84E4}"
EndProject
Project("{2150E333-8FDC-42A3-9474-1A3956D46DE8}") = "Microservices", "Microservices", "{5BFC55BA-B892-42F0-8FE7-FFB45901FC17}"
EndProject
Project("{2150E333-8FDC-42A3-9474-1A3956D46DE8}") = "Vehicles.Microservices", "Vehicles.Microservices", "{C33236FE-DE80-4228-8602-8C042A2B8215}"
EndProject
Project("{FAE04EC0-301F-11D3-BF4B-00C04F79EFBC}") = "GeographicLib", "Services\VehiclesSFApp\GeographicLib\GeographicLib.csproj", "{DAAAF06D-4E67-4442-B695-3CC3A26E4E17}"
EndProject
Project("{2150E333-8FDC-42A3-9474-1A3956D46DE8}") = "02 Common Libs", "02 Common Libs", "{128C7D23-FBC5-4A09-BCB5-21471A7C7FEB}"
EndProject
Project("{FAE04EC0-301F-11D3-BF4B-00C04F79EFBC}") = "GeographicUseCmd", "Services\VehiclesSFApp\GeographicUseCmd\GeographicUseCmd.csproj", "{8D7B7E3B-83B3-4D04-BDAE-07541F91B922}"
EndProject
Project("{FAE04EC0-301F-11D3-BF4B-00C04F79EFBC}") = "Vehicles.Domain", "Services\VehiclesSFApp\VehiclesStatefulService.Domain\Vehicles.Domain.csproj", "{7DF5CE32-5A9B-4755-9AAD-24BF1F01BE28}"
EndProject
Project("{FAE04EC0-301F-11D3-BF4B-00C04F79EFBC}") = "VehiclesStatefulService", "Services\VehiclesSFApp\VehiclesStatefulService\VehiclesStatefulService.csproj", "{27D73D17-9CEB-4853-B2E0-9B76ABB172F3}"
EndProject
Project("{FAE04EC0-301F-11D3-BF4B-00C04F79EFBC}") = "VehiclesStatelessGateway.OWIN", "Services\VehiclesSFApp\VehiclesStatelessGateway.OWIN\VehiclesStatelessGateway.OWIN.csproj", "{931C5B60-3E28-474B-B92A-FF890A832704}"
EndProject
Project("{A07B5EB6-E848-4116-A8D0-A826331D98C6}") = "VehiclesSFApp", "Services\VehiclesSFApp\VehiclesSFApp\VehiclesSFApp.sfproj", "{02CF626E-88D4-42BE-B6B0-E6565AF98015}"
EndProject
Project("{2150E333-8FDC-42A3-9474-1A3956D46DE8}") = "01 Service Fabric App Metadata", "01 Service Fabric App Metadata", "{4937C89A-F252-40CC-A0B4-29288F86AFB0}"
EndProject
Project("{2150E333-8FDC-42A3-9474-1A3956D46DE8}") = "03 Domain", "03 Domain", "{9A5B46EF-E71B-417E-893E-A73A92DBC154}"
EndProject
Project("{2150E333-8FDC-42A3-9474-1A3956D46DE8}") = "04 Gateway Services", "04 Gateway Services", "{F050858E-2346-44B1-BEEF-B684654C2D7C}"
EndProject
Project("{2150E333-8FDC-42A3-9474-1A3956D46DE8}") = "05 Stateful Reliable Services", "05 Stateful Reliable Services", "{B693745D-915B-44E7-9158-A7F52D6452E1}"
EndProject
Project("{2150E333-8FDC-42A3-9474-1A3956D46DE8}") = "06 Actor Services", "06 Actor Services", "{5CC90EAD-2CE1-4A62-B3CB-B49A3FF52D5D}"
EndProject
Project("{FAE04EC0-301F-11D3-BF4B-00C04F79EFBC}") = "VehicleActor", "Services\VehiclesSFApp\VehicleActor\VehicleActor.csproj", "{0DE99ED9-61C4-4DA5-9834-FF82A89FBE29}"
EndProject
Project("{FAE04EC0-301F-11D3-BF4B-00C04F79EFBC}") = "DummyActor", "Services\VehiclesSFApp\DummyActor\DummyActor.csproj", "{0337A95D-6231-46EF-9DF0-3171E5E14ACF}"
EndProject
Project("{FAE04EC0-301F-11D3-BF4B-00C04F79EFBC}") = "DummyActor.Interfaces", "Services\VehiclesSFApp\DummyActor.Interfaces\DummyActor.Interfaces.csproj", "{D059F562-864D-4D5D-98EB-E0656A1884F5}"
EndProject
Project("{2150E333-8FDC-42A3-9474-1A3956D46DE8}") = "07 Tests", "07 Tests", "{7FD40EE9-A4F8-4C2B-B2AA-A2612ACC9F49}"
EndProject
Project("{2150E333-8FDC-42A3-9474-1A3956D46DE8}") = "Bot.Microservices", "Bot.Microservices", "{42A61961-FC5F-45FC-BAB3-A62506F0E465}"
EndProject
Project("{FAE04EC0-301F-11D3-BF4B-00C04F79EFBC}") = "CESARDLBot", "Services\BotServices\CESARDLBot\CESARDLBot.csproj", "{A8BA1066-5695-4D71-ABB4-65E5A5E0C3D4}"
EndProject
Project("{FAE04EC0-301F-11D3-BF4B-00C04F79EFBC}") = "MyWorld.Client.Windows.CLI", "ClientApps\MyWorld.Client.Windows.CLI\MyWorld.Client.Windows.CLI.csproj", "{F8525E01-E841-4116-B398-ED78CD8F7F50}"
EndProject
Global
	GlobalSection(SolutionConfigurationPlatforms) = preSolution
		Ad-Hoc|Any CPU = Ad-Hoc|Any CPU
		Ad-Hoc|ARM = Ad-Hoc|ARM
		Ad-Hoc|iPhone = Ad-Hoc|iPhone
		Ad-Hoc|iPhoneSimulator = Ad-Hoc|iPhoneSimulator
		Ad-Hoc|x64 = Ad-Hoc|x64
		Ad-Hoc|x86 = Ad-Hoc|x86
		AppStore|Any CPU = AppStore|Any CPU
		AppStore|ARM = AppStore|ARM
		AppStore|iPhone = AppStore|iPhone
		AppStore|iPhoneSimulator = AppStore|iPhoneSimulator
		AppStore|x64 = AppStore|x64
		AppStore|x86 = AppStore|x86
		Debug|Any CPU = Debug|Any CPU
		Debug|ARM = Debug|ARM
		Debug|iPhone = Debug|iPhone
		Debug|iPhoneSimulator = Debug|iPhoneSimulator
		Debug|x64 = Debug|x64
		Debug|x86 = Debug|x86
		Release|Any CPU = Release|Any CPU
		Release|ARM = Release|ARM
		Release|iPhone = Release|iPhone
		Release|iPhoneSimulator = Release|iPhoneSimulator
		Release|x64 = Release|x64
		Release|x86 = Release|x86
	EndGlobalSection
	GlobalSection(ProjectConfigurationPlatforms) = postSolution
		{B6F19AFF-30FA-499F-B555-B0ECCDBE7FFC}.Ad-Hoc|Any CPU.ActiveCfg = Release|Any CPU
		{B6F19AFF-30FA-499F-B555-B0ECCDBE7FFC}.Ad-Hoc|Any CPU.Build.0 = Release|Any CPU
		{B6F19AFF-30FA-499F-B555-B0ECCDBE7FFC}.Ad-Hoc|Any CPU.Deploy.0 = Release|Any CPU
		{B6F19AFF-30FA-499F-B555-B0ECCDBE7FFC}.Ad-Hoc|ARM.ActiveCfg = Release|Any CPU
		{B6F19AFF-30FA-499F-B555-B0ECCDBE7FFC}.Ad-Hoc|ARM.Build.0 = Release|Any CPU
		{B6F19AFF-30FA-499F-B555-B0ECCDBE7FFC}.Ad-Hoc|ARM.Deploy.0 = Release|Any CPU
		{B6F19AFF-30FA-499F-B555-B0ECCDBE7FFC}.Ad-Hoc|iPhone.ActiveCfg = Release|Any CPU
		{B6F19AFF-30FA-499F-B555-B0ECCDBE7FFC}.Ad-Hoc|iPhone.Build.0 = Release|Any CPU
		{B6F19AFF-30FA-499F-B555-B0ECCDBE7FFC}.Ad-Hoc|iPhone.Deploy.0 = Release|Any CPU
		{B6F19AFF-30FA-499F-B555-B0ECCDBE7FFC}.Ad-Hoc|iPhoneSimulator.ActiveCfg = Release|Any CPU
		{B6F19AFF-30FA-499F-B555-B0ECCDBE7FFC}.Ad-Hoc|iPhoneSimulator.Build.0 = Release|Any CPU
		{B6F19AFF-30FA-499F-B555-B0ECCDBE7FFC}.Ad-Hoc|iPhoneSimulator.Deploy.0 = Release|Any CPU
		{B6F19AFF-30FA-499F-B555-B0ECCDBE7FFC}.Ad-Hoc|x64.ActiveCfg = Release|Any CPU
		{B6F19AFF-30FA-499F-B555-B0ECCDBE7FFC}.Ad-Hoc|x64.Build.0 = Release|Any CPU
		{B6F19AFF-30FA-499F-B555-B0ECCDBE7FFC}.Ad-Hoc|x64.Deploy.0 = Release|Any CPU
		{B6F19AFF-30FA-499F-B555-B0ECCDBE7FFC}.Ad-Hoc|x86.ActiveCfg = Release|Any CPU
		{B6F19AFF-30FA-499F-B555-B0ECCDBE7FFC}.Ad-Hoc|x86.Build.0 = Release|Any CPU
		{B6F19AFF-30FA-499F-B555-B0ECCDBE7FFC}.Ad-Hoc|x86.Deploy.0 = Release|Any CPU
		{B6F19AFF-30FA-499F-B555-B0ECCDBE7FFC}.AppStore|Any CPU.ActiveCfg = Release|Any CPU
		{B6F19AFF-30FA-499F-B555-B0ECCDBE7FFC}.AppStore|Any CPU.Build.0 = Release|Any CPU
		{B6F19AFF-30FA-499F-B555-B0ECCDBE7FFC}.AppStore|Any CPU.Deploy.0 = Release|Any CPU
		{B6F19AFF-30FA-499F-B555-B0ECCDBE7FFC}.AppStore|ARM.ActiveCfg = Release|Any CPU
		{B6F19AFF-30FA-499F-B555-B0ECCDBE7FFC}.AppStore|ARM.Build.0 = Release|Any CPU
		{B6F19AFF-30FA-499F-B555-B0ECCDBE7FFC}.AppStore|ARM.Deploy.0 = Release|Any CPU
		{B6F19AFF-30FA-499F-B555-B0ECCDBE7FFC}.AppStore|iPhone.ActiveCfg = Release|Any CPU
		{B6F19AFF-30FA-499F-B555-B0ECCDBE7FFC}.AppStore|iPhone.Build.0 = Release|Any CPU
		{B6F19AFF-30FA-499F-B555-B0ECCDBE7FFC}.AppStore|iPhone.Deploy.0 = Release|Any CPU
		{B6F19AFF-30FA-499F-B555-B0ECCDBE7FFC}.AppStore|iPhoneSimulator.ActiveCfg = Release|Any CPU
		{B6F19AFF-30FA-499F-B555-B0ECCDBE7FFC}.AppStore|iPhoneSimulator.Build.0 = Release|Any CPU
		{B6F19AFF-30FA-499F-B555-B0ECCDBE7FFC}.AppStore|iPhoneSimulator.Deploy.0 = Release|Any CPU
		{B6F19AFF-30FA-499F-B555-B0ECCDBE7FFC}.AppStore|x64.ActiveCfg = Release|Any CPU
		{B6F19AFF-30FA-499F-B555-B0ECCDBE7FFC}.AppStore|x64.Build.0 = Release|Any CPU
		{B6F19AFF-30FA-499F-B555-B0ECCDBE7FFC}.AppStore|x64.Deploy.0 = Release|Any CPU
		{B6F19AFF-30FA-499F-B555-B0ECCDBE7FFC}.AppStore|x86.ActiveCfg = Release|Any CPU
		{B6F19AFF-30FA-499F-B555-B0ECCDBE7FFC}.AppStore|x86.Build.0 = Release|Any CPU
		{B6F19AFF-30FA-499F-B555-B0ECCDBE7FFC}.AppStore|x86.Deploy.0 = Release|Any CPU
		{B6F19AFF-30FA-499F-B555-B0ECCDBE7FFC}.Debug|Any CPU.ActiveCfg = Debug|Any CPU
		{B6F19AFF-30FA-499F-B555-B0ECCDBE7FFC}.Debug|Any CPU.Build.0 = Debug|Any CPU
		{B6F19AFF-30FA-499F-B555-B0ECCDBE7FFC}.Debug|Any CPU.Deploy.0 = Debug|Any CPU
		{B6F19AFF-30FA-499F-B555-B0ECCDBE7FFC}.Debug|ARM.ActiveCfg = Debug|Any CPU
		{B6F19AFF-30FA-499F-B555-B0ECCDBE7FFC}.Debug|ARM.Build.0 = Debug|Any CPU
		{B6F19AFF-30FA-499F-B555-B0ECCDBE7FFC}.Debug|ARM.Deploy.0 = Debug|Any CPU
		{B6F19AFF-30FA-499F-B555-B0ECCDBE7FFC}.Debug|iPhone.ActiveCfg = Debug|Any CPU
		{B6F19AFF-30FA-499F-B555-B0ECCDBE7FFC}.Debug|iPhone.Build.0 = Debug|Any CPU
		{B6F19AFF-30FA-499F-B555-B0ECCDBE7FFC}.Debug|iPhone.Deploy.0 = Debug|Any CPU
		{B6F19AFF-30FA-499F-B555-B0ECCDBE7FFC}.Debug|iPhoneSimulator.ActiveCfg = Debug|Any CPU
		{B6F19AFF-30FA-499F-B555-B0ECCDBE7FFC}.Debug|iPhoneSimulator.Build.0 = Debug|Any CPU
		{B6F19AFF-30FA-499F-B555-B0ECCDBE7FFC}.Debug|iPhoneSimulator.Deploy.0 = Debug|Any CPU
		{B6F19AFF-30FA-499F-B555-B0ECCDBE7FFC}.Debug|x64.ActiveCfg = Debug|Any CPU
		{B6F19AFF-30FA-499F-B555-B0ECCDBE7FFC}.Debug|x64.Build.0 = Debug|Any CPU
		{B6F19AFF-30FA-499F-B555-B0ECCDBE7FFC}.Debug|x64.Deploy.0 = Debug|Any CPU
		{B6F19AFF-30FA-499F-B555-B0ECCDBE7FFC}.Debug|x86.ActiveCfg = Debug|Any CPU
		{B6F19AFF-30FA-499F-B555-B0ECCDBE7FFC}.Debug|x86.Build.0 = Debug|Any CPU
		{B6F19AFF-30FA-499F-B555-B0ECCDBE7FFC}.Debug|x86.Deploy.0 = Debug|Any CPU
		{B6F19AFF-30FA-499F-B555-B0ECCDBE7FFC}.Release|Any CPU.ActiveCfg = Release|Any CPU
		{B6F19AFF-30FA-499F-B555-B0ECCDBE7FFC}.Release|Any CPU.Build.0 = Release|Any CPU
		{B6F19AFF-30FA-499F-B555-B0ECCDBE7FFC}.Release|Any CPU.Deploy.0 = Release|Any CPU
		{B6F19AFF-30FA-499F-B555-B0ECCDBE7FFC}.Release|ARM.ActiveCfg = Release|Any CPU
		{B6F19AFF-30FA-499F-B555-B0ECCDBE7FFC}.Release|ARM.Build.0 = Release|Any CPU
		{B6F19AFF-30FA-499F-B555-B0ECCDBE7FFC}.Release|ARM.Deploy.0 = Release|Any CPU
		{B6F19AFF-30FA-499F-B555-B0ECCDBE7FFC}.Release|iPhone.ActiveCfg = Release|Any CPU
		{B6F19AFF-30FA-499F-B555-B0ECCDBE7FFC}.Release|iPhone.Build.0 = Release|Any CPU
		{B6F19AFF-30FA-499F-B555-B0ECCDBE7FFC}.Release|iPhone.Deploy.0 = Release|Any CPU
		{B6F19AFF-30FA-499F-B555-B0ECCDBE7FFC}.Release|iPhoneSimulator.ActiveCfg = Release|Any CPU
		{B6F19AFF-30FA-499F-B555-B0ECCDBE7FFC}.Release|iPhoneSimulator.Build.0 = Release|Any CPU
		{B6F19AFF-30FA-499F-B555-B0ECCDBE7FFC}.Release|iPhoneSimulator.Deploy.0 = Release|Any CPU
		{B6F19AFF-30FA-499F-B555-B0ECCDBE7FFC}.Release|x64.ActiveCfg = Release|Any CPU
		{B6F19AFF-30FA-499F-B555-B0ECCDBE7FFC}.Release|x64.Build.0 = Release|Any CPU
		{B6F19AFF-30FA-499F-B555-B0ECCDBE7FFC}.Release|x64.Deploy.0 = Release|Any CPU
		{B6F19AFF-30FA-499F-B555-B0ECCDBE7FFC}.Release|x86.ActiveCfg = Release|Any CPU
		{B6F19AFF-30FA-499F-B555-B0ECCDBE7FFC}.Release|x86.Build.0 = Release|Any CPU
		{B6F19AFF-30FA-499F-B555-B0ECCDBE7FFC}.Release|x86.Deploy.0 = Release|Any CPU
		{77A85AEB-2273-4C03-9A7E-6F90451C1038}.Ad-Hoc|Any CPU.ActiveCfg = Ad-Hoc|iPhone
		{77A85AEB-2273-4C03-9A7E-6F90451C1038}.Ad-Hoc|ARM.ActiveCfg = Ad-Hoc|iPhone
		{77A85AEB-2273-4C03-9A7E-6F90451C1038}.Ad-Hoc|iPhone.ActiveCfg = Ad-Hoc|iPhone
		{77A85AEB-2273-4C03-9A7E-6F90451C1038}.Ad-Hoc|iPhone.Build.0 = Ad-Hoc|iPhone
		{77A85AEB-2273-4C03-9A7E-6F90451C1038}.Ad-Hoc|iPhoneSimulator.ActiveCfg = Ad-Hoc|iPhoneSimulator
		{77A85AEB-2273-4C03-9A7E-6F90451C1038}.Ad-Hoc|iPhoneSimulator.Build.0 = Ad-Hoc|iPhoneSimulator
		{77A85AEB-2273-4C03-9A7E-6F90451C1038}.Ad-Hoc|x64.ActiveCfg = Ad-Hoc|iPhone
		{77A85AEB-2273-4C03-9A7E-6F90451C1038}.Ad-Hoc|x86.ActiveCfg = Ad-Hoc|iPhone
		{77A85AEB-2273-4C03-9A7E-6F90451C1038}.AppStore|Any CPU.ActiveCfg = AppStore|iPhone
		{77A85AEB-2273-4C03-9A7E-6F90451C1038}.AppStore|ARM.ActiveCfg = AppStore|iPhone
		{77A85AEB-2273-4C03-9A7E-6F90451C1038}.AppStore|iPhone.ActiveCfg = AppStore|iPhone
		{77A85AEB-2273-4C03-9A7E-6F90451C1038}.AppStore|iPhone.Build.0 = AppStore|iPhone
		{77A85AEB-2273-4C03-9A7E-6F90451C1038}.AppStore|iPhoneSimulator.ActiveCfg = AppStore|iPhoneSimulator
		{77A85AEB-2273-4C03-9A7E-6F90451C1038}.AppStore|iPhoneSimulator.Build.0 = AppStore|iPhoneSimulator
		{77A85AEB-2273-4C03-9A7E-6F90451C1038}.AppStore|x64.ActiveCfg = AppStore|iPhone
		{77A85AEB-2273-4C03-9A7E-6F90451C1038}.AppStore|x86.ActiveCfg = AppStore|iPhone
		{77A85AEB-2273-4C03-9A7E-6F90451C1038}.Debug|Any CPU.ActiveCfg = Debug|iPhone
		{77A85AEB-2273-4C03-9A7E-6F90451C1038}.Debug|ARM.ActiveCfg = Debug|iPhone
		{77A85AEB-2273-4C03-9A7E-6F90451C1038}.Debug|iPhone.ActiveCfg = Debug|iPhone
		{77A85AEB-2273-4C03-9A7E-6F90451C1038}.Debug|iPhone.Build.0 = Debug|iPhone
		{77A85AEB-2273-4C03-9A7E-6F90451C1038}.Debug|iPhoneSimulator.ActiveCfg = Debug|iPhoneSimulator
		{77A85AEB-2273-4C03-9A7E-6F90451C1038}.Debug|iPhoneSimulator.Build.0 = Debug|iPhoneSimulator
		{77A85AEB-2273-4C03-9A7E-6F90451C1038}.Debug|x64.ActiveCfg = Debug|iPhone
		{77A85AEB-2273-4C03-9A7E-6F90451C1038}.Debug|x86.ActiveCfg = Debug|iPhone
		{77A85AEB-2273-4C03-9A7E-6F90451C1038}.Release|Any CPU.ActiveCfg = Release|iPhone
		{77A85AEB-2273-4C03-9A7E-6F90451C1038}.Release|ARM.ActiveCfg = Release|iPhone
		{77A85AEB-2273-4C03-9A7E-6F90451C1038}.Release|iPhone.ActiveCfg = Release|iPhone
		{77A85AEB-2273-4C03-9A7E-6F90451C1038}.Release|iPhone.Build.0 = Release|iPhone
		{77A85AEB-2273-4C03-9A7E-6F90451C1038}.Release|iPhoneSimulator.ActiveCfg = Release|iPhoneSimulator
		{77A85AEB-2273-4C03-9A7E-6F90451C1038}.Release|iPhoneSimulator.Build.0 = Release|iPhoneSimulator
		{77A85AEB-2273-4C03-9A7E-6F90451C1038}.Release|x64.ActiveCfg = Release|iPhone
		{77A85AEB-2273-4C03-9A7E-6F90451C1038}.Release|x86.ActiveCfg = Release|iPhone
		{16313E55-657A-4087-8DF1-57075383FCD6}.Ad-Hoc|Any CPU.ActiveCfg = Release|x86
		{16313E55-657A-4087-8DF1-57075383FCD6}.Ad-Hoc|Any CPU.Build.0 = Release|x86
		{16313E55-657A-4087-8DF1-57075383FCD6}.Ad-Hoc|Any CPU.Deploy.0 = Release|x86
		{16313E55-657A-4087-8DF1-57075383FCD6}.Ad-Hoc|ARM.ActiveCfg = Release|ARM
		{16313E55-657A-4087-8DF1-57075383FCD6}.Ad-Hoc|ARM.Build.0 = Release|ARM
		{16313E55-657A-4087-8DF1-57075383FCD6}.Ad-Hoc|ARM.Deploy.0 = Release|ARM
		{16313E55-657A-4087-8DF1-57075383FCD6}.Ad-Hoc|iPhone.ActiveCfg = Release|x86
		{16313E55-657A-4087-8DF1-57075383FCD6}.Ad-Hoc|iPhone.Build.0 = Release|x86
		{16313E55-657A-4087-8DF1-57075383FCD6}.Ad-Hoc|iPhone.Deploy.0 = Release|x86
		{16313E55-657A-4087-8DF1-57075383FCD6}.Ad-Hoc|iPhoneSimulator.ActiveCfg = Release|x86
		{16313E55-657A-4087-8DF1-57075383FCD6}.Ad-Hoc|iPhoneSimulator.Build.0 = Release|x86
		{16313E55-657A-4087-8DF1-57075383FCD6}.Ad-Hoc|iPhoneSimulator.Deploy.0 = Release|x86
		{16313E55-657A-4087-8DF1-57075383FCD6}.Ad-Hoc|x64.ActiveCfg = Release|x64
		{16313E55-657A-4087-8DF1-57075383FCD6}.Ad-Hoc|x64.Build.0 = Release|x64
		{16313E55-657A-4087-8DF1-57075383FCD6}.Ad-Hoc|x64.Deploy.0 = Release|x64
		{16313E55-657A-4087-8DF1-57075383FCD6}.Ad-Hoc|x86.ActiveCfg = Release|x86
		{16313E55-657A-4087-8DF1-57075383FCD6}.Ad-Hoc|x86.Build.0 = Release|x86
		{16313E55-657A-4087-8DF1-57075383FCD6}.Ad-Hoc|x86.Deploy.0 = Release|x86
		{16313E55-657A-4087-8DF1-57075383FCD6}.AppStore|Any CPU.ActiveCfg = Release|x86
		{16313E55-657A-4087-8DF1-57075383FCD6}.AppStore|Any CPU.Build.0 = Release|x86
		{16313E55-657A-4087-8DF1-57075383FCD6}.AppStore|Any CPU.Deploy.0 = Release|x86
		{16313E55-657A-4087-8DF1-57075383FCD6}.AppStore|ARM.ActiveCfg = Release|ARM
		{16313E55-657A-4087-8DF1-57075383FCD6}.AppStore|ARM.Build.0 = Release|ARM
		{16313E55-657A-4087-8DF1-57075383FCD6}.AppStore|ARM.Deploy.0 = Release|ARM
		{16313E55-657A-4087-8DF1-57075383FCD6}.AppStore|iPhone.ActiveCfg = Release|x86
		{16313E55-657A-4087-8DF1-57075383FCD6}.AppStore|iPhone.Build.0 = Release|x86
		{16313E55-657A-4087-8DF1-57075383FCD6}.AppStore|iPhone.Deploy.0 = Release|x86
		{16313E55-657A-4087-8DF1-57075383FCD6}.AppStore|iPhoneSimulator.ActiveCfg = Release|x86
		{16313E55-657A-4087-8DF1-57075383FCD6}.AppStore|iPhoneSimulator.Build.0 = Release|x86
		{16313E55-657A-4087-8DF1-57075383FCD6}.AppStore|iPhoneSimulator.Deploy.0 = Release|x86
		{16313E55-657A-4087-8DF1-57075383FCD6}.AppStore|x64.ActiveCfg = Release|x64
		{16313E55-657A-4087-8DF1-57075383FCD6}.AppStore|x64.Build.0 = Release|x64
		{16313E55-657A-4087-8DF1-57075383FCD6}.AppStore|x64.Deploy.0 = Release|x64
		{16313E55-657A-4087-8DF1-57075383FCD6}.AppStore|x86.ActiveCfg = Release|x86
		{16313E55-657A-4087-8DF1-57075383FCD6}.AppStore|x86.Build.0 = Release|x86
		{16313E55-657A-4087-8DF1-57075383FCD6}.AppStore|x86.Deploy.0 = Release|x86
		{16313E55-657A-4087-8DF1-57075383FCD6}.Debug|Any CPU.ActiveCfg = Debug|x86
		{16313E55-657A-4087-8DF1-57075383FCD6}.Debug|ARM.ActiveCfg = Debug|ARM
		{16313E55-657A-4087-8DF1-57075383FCD6}.Debug|ARM.Build.0 = Debug|ARM
		{16313E55-657A-4087-8DF1-57075383FCD6}.Debug|ARM.Deploy.0 = Debug|ARM
		{16313E55-657A-4087-8DF1-57075383FCD6}.Debug|iPhone.ActiveCfg = Debug|x86
		{16313E55-657A-4087-8DF1-57075383FCD6}.Debug|iPhoneSimulator.ActiveCfg = Debug|x86
		{16313E55-657A-4087-8DF1-57075383FCD6}.Debug|x64.ActiveCfg = Debug|x64
		{16313E55-657A-4087-8DF1-57075383FCD6}.Debug|x64.Build.0 = Debug|x64
		{16313E55-657A-4087-8DF1-57075383FCD6}.Debug|x64.Deploy.0 = Debug|x64
		{16313E55-657A-4087-8DF1-57075383FCD6}.Debug|x86.ActiveCfg = Debug|x86
		{16313E55-657A-4087-8DF1-57075383FCD6}.Debug|x86.Build.0 = Debug|x86
		{16313E55-657A-4087-8DF1-57075383FCD6}.Debug|x86.Deploy.0 = Debug|x86
		{16313E55-657A-4087-8DF1-57075383FCD6}.Release|Any CPU.ActiveCfg = Release|x86
		{16313E55-657A-4087-8DF1-57075383FCD6}.Release|ARM.ActiveCfg = Release|ARM
		{16313E55-657A-4087-8DF1-57075383FCD6}.Release|ARM.Build.0 = Release|ARM
		{16313E55-657A-4087-8DF1-57075383FCD6}.Release|ARM.Deploy.0 = Release|ARM
		{16313E55-657A-4087-8DF1-57075383FCD6}.Release|iPhone.ActiveCfg = Release|x86
		{16313E55-657A-4087-8DF1-57075383FCD6}.Release|iPhoneSimulator.ActiveCfg = Release|x86
		{16313E55-657A-4087-8DF1-57075383FCD6}.Release|x64.ActiveCfg = Release|x64
		{16313E55-657A-4087-8DF1-57075383FCD6}.Release|x64.Build.0 = Release|x64
		{16313E55-657A-4087-8DF1-57075383FCD6}.Release|x64.Deploy.0 = Release|x64
		{16313E55-657A-4087-8DF1-57075383FCD6}.Release|x86.ActiveCfg = Release|x86
		{16313E55-657A-4087-8DF1-57075383FCD6}.Release|x86.Build.0 = Release|x86
		{16313E55-657A-4087-8DF1-57075383FCD6}.Release|x86.Deploy.0 = Release|x86
		{AEC86342-22CA-45F4-BC5F-05A1991BED5D}.Ad-Hoc|Any CPU.ActiveCfg = Release|Any CPU
		{AEC86342-22CA-45F4-BC5F-05A1991BED5D}.Ad-Hoc|Any CPU.Build.0 = Release|Any CPU
		{AEC86342-22CA-45F4-BC5F-05A1991BED5D}.Ad-Hoc|ARM.ActiveCfg = Release|Any CPU
		{AEC86342-22CA-45F4-BC5F-05A1991BED5D}.Ad-Hoc|ARM.Build.0 = Release|Any CPU
		{AEC86342-22CA-45F4-BC5F-05A1991BED5D}.Ad-Hoc|iPhone.ActiveCfg = Release|Any CPU
		{AEC86342-22CA-45F4-BC5F-05A1991BED5D}.Ad-Hoc|iPhone.Build.0 = Release|Any CPU
		{AEC86342-22CA-45F4-BC5F-05A1991BED5D}.Ad-Hoc|iPhoneSimulator.ActiveCfg = Release|Any CPU
		{AEC86342-22CA-45F4-BC5F-05A1991BED5D}.Ad-Hoc|iPhoneSimulator.Build.0 = Release|Any CPU
		{AEC86342-22CA-45F4-BC5F-05A1991BED5D}.Ad-Hoc|x64.ActiveCfg = Release|Any CPU
		{AEC86342-22CA-45F4-BC5F-05A1991BED5D}.Ad-Hoc|x64.Build.0 = Release|Any CPU
		{AEC86342-22CA-45F4-BC5F-05A1991BED5D}.Ad-Hoc|x86.ActiveCfg = Release|Any CPU
		{AEC86342-22CA-45F4-BC5F-05A1991BED5D}.Ad-Hoc|x86.Build.0 = Release|Any CPU
		{AEC86342-22CA-45F4-BC5F-05A1991BED5D}.AppStore|Any CPU.ActiveCfg = Release|Any CPU
		{AEC86342-22CA-45F4-BC5F-05A1991BED5D}.AppStore|Any CPU.Build.0 = Release|Any CPU
		{AEC86342-22CA-45F4-BC5F-05A1991BED5D}.AppStore|ARM.ActiveCfg = Release|Any CPU
		{AEC86342-22CA-45F4-BC5F-05A1991BED5D}.AppStore|ARM.Build.0 = Release|Any CPU
		{AEC86342-22CA-45F4-BC5F-05A1991BED5D}.AppStore|iPhone.ActiveCfg = Release|Any CPU
		{AEC86342-22CA-45F4-BC5F-05A1991BED5D}.AppStore|iPhone.Build.0 = Release|Any CPU
		{AEC86342-22CA-45F4-BC5F-05A1991BED5D}.AppStore|iPhoneSimulator.ActiveCfg = Release|Any CPU
		{AEC86342-22CA-45F4-BC5F-05A1991BED5D}.AppStore|iPhoneSimulator.Build.0 = Release|Any CPU
		{AEC86342-22CA-45F4-BC5F-05A1991BED5D}.AppStore|x64.ActiveCfg = Release|Any CPU
		{AEC86342-22CA-45F4-BC5F-05A1991BED5D}.AppStore|x64.Build.0 = Release|Any CPU
		{AEC86342-22CA-45F4-BC5F-05A1991BED5D}.AppStore|x86.ActiveCfg = Release|Any CPU
		{AEC86342-22CA-45F4-BC5F-05A1991BED5D}.AppStore|x86.Build.0 = Release|Any CPU
		{AEC86342-22CA-45F4-BC5F-05A1991BED5D}.Debug|Any CPU.ActiveCfg = Debug|Any CPU
		{AEC86342-22CA-45F4-BC5F-05A1991BED5D}.Debug|Any CPU.Build.0 = Debug|Any CPU
		{AEC86342-22CA-45F4-BC5F-05A1991BED5D}.Debug|ARM.ActiveCfg = Debug|Any CPU
		{AEC86342-22CA-45F4-BC5F-05A1991BED5D}.Debug|ARM.Build.0 = Debug|Any CPU
		{AEC86342-22CA-45F4-BC5F-05A1991BED5D}.Debug|iPhone.ActiveCfg = Debug|Any CPU
		{AEC86342-22CA-45F4-BC5F-05A1991BED5D}.Debug|iPhone.Build.0 = Debug|Any CPU
		{AEC86342-22CA-45F4-BC5F-05A1991BED5D}.Debug|iPhoneSimulator.ActiveCfg = Debug|Any CPU
		{AEC86342-22CA-45F4-BC5F-05A1991BED5D}.Debug|iPhoneSimulator.Build.0 = Debug|Any CPU
		{AEC86342-22CA-45F4-BC5F-05A1991BED5D}.Debug|x64.ActiveCfg = Debug|Any CPU
		{AEC86342-22CA-45F4-BC5F-05A1991BED5D}.Debug|x64.Build.0 = Debug|Any CPU
		{AEC86342-22CA-45F4-BC5F-05A1991BED5D}.Debug|x86.ActiveCfg = Debug|Any CPU
		{AEC86342-22CA-45F4-BC5F-05A1991BED5D}.Debug|x86.Build.0 = Debug|Any CPU
		{AEC86342-22CA-45F4-BC5F-05A1991BED5D}.Release|Any CPU.ActiveCfg = Release|Any CPU
		{AEC86342-22CA-45F4-BC5F-05A1991BED5D}.Release|Any CPU.Build.0 = Release|Any CPU
		{AEC86342-22CA-45F4-BC5F-05A1991BED5D}.Release|ARM.ActiveCfg = Release|Any CPU
		{AEC86342-22CA-45F4-BC5F-05A1991BED5D}.Release|ARM.Build.0 = Release|Any CPU
		{AEC86342-22CA-45F4-BC5F-05A1991BED5D}.Release|iPhone.ActiveCfg = Release|Any CPU
		{AEC86342-22CA-45F4-BC5F-05A1991BED5D}.Release|iPhone.Build.0 = Release|Any CPU
		{AEC86342-22CA-45F4-BC5F-05A1991BED5D}.Release|iPhoneSimulator.ActiveCfg = Release|Any CPU
		{AEC86342-22CA-45F4-BC5F-05A1991BED5D}.Release|iPhoneSimulator.Build.0 = Release|Any CPU
		{AEC86342-22CA-45F4-BC5F-05A1991BED5D}.Release|x64.ActiveCfg = Release|Any CPU
		{AEC86342-22CA-45F4-BC5F-05A1991BED5D}.Release|x64.Build.0 = Release|Any CPU
		{AEC86342-22CA-45F4-BC5F-05A1991BED5D}.Release|x86.ActiveCfg = Release|Any CPU
		{AEC86342-22CA-45F4-BC5F-05A1991BED5D}.Release|x86.Build.0 = Release|Any CPU
		{67F9D3A8-F71E-4428-913F-C37AE82CDB24}.Ad-Hoc|Any CPU.ActiveCfg = Release|Any CPU
		{67F9D3A8-F71E-4428-913F-C37AE82CDB24}.Ad-Hoc|Any CPU.Build.0 = Release|Any CPU
		{67F9D3A8-F71E-4428-913F-C37AE82CDB24}.Ad-Hoc|ARM.ActiveCfg = Release|Any CPU
		{67F9D3A8-F71E-4428-913F-C37AE82CDB24}.Ad-Hoc|ARM.Build.0 = Release|Any CPU
		{67F9D3A8-F71E-4428-913F-C37AE82CDB24}.Ad-Hoc|iPhone.ActiveCfg = Release|Any CPU
		{67F9D3A8-F71E-4428-913F-C37AE82CDB24}.Ad-Hoc|iPhone.Build.0 = Release|Any CPU
		{67F9D3A8-F71E-4428-913F-C37AE82CDB24}.Ad-Hoc|iPhoneSimulator.ActiveCfg = Release|Any CPU
		{67F9D3A8-F71E-4428-913F-C37AE82CDB24}.Ad-Hoc|iPhoneSimulator.Build.0 = Release|Any CPU
		{67F9D3A8-F71E-4428-913F-C37AE82CDB24}.Ad-Hoc|x64.ActiveCfg = Release|Any CPU
		{67F9D3A8-F71E-4428-913F-C37AE82CDB24}.Ad-Hoc|x64.Build.0 = Release|Any CPU
		{67F9D3A8-F71E-4428-913F-C37AE82CDB24}.Ad-Hoc|x86.ActiveCfg = Release|Any CPU
		{67F9D3A8-F71E-4428-913F-C37AE82CDB24}.Ad-Hoc|x86.Build.0 = Release|Any CPU
		{67F9D3A8-F71E-4428-913F-C37AE82CDB24}.AppStore|Any CPU.ActiveCfg = Release|Any CPU
		{67F9D3A8-F71E-4428-913F-C37AE82CDB24}.AppStore|Any CPU.Build.0 = Release|Any CPU
		{67F9D3A8-F71E-4428-913F-C37AE82CDB24}.AppStore|ARM.ActiveCfg = Release|Any CPU
		{67F9D3A8-F71E-4428-913F-C37AE82CDB24}.AppStore|ARM.Build.0 = Release|Any CPU
		{67F9D3A8-F71E-4428-913F-C37AE82CDB24}.AppStore|iPhone.ActiveCfg = Release|Any CPU
		{67F9D3A8-F71E-4428-913F-C37AE82CDB24}.AppStore|iPhone.Build.0 = Release|Any CPU
		{67F9D3A8-F71E-4428-913F-C37AE82CDB24}.AppStore|iPhoneSimulator.ActiveCfg = Release|Any CPU
		{67F9D3A8-F71E-4428-913F-C37AE82CDB24}.AppStore|iPhoneSimulator.Build.0 = Release|Any CPU
		{67F9D3A8-F71E-4428-913F-C37AE82CDB24}.AppStore|x64.ActiveCfg = Release|Any CPU
		{67F9D3A8-F71E-4428-913F-C37AE82CDB24}.AppStore|x64.Build.0 = Release|Any CPU
		{67F9D3A8-F71E-4428-913F-C37AE82CDB24}.AppStore|x86.ActiveCfg = Release|Any CPU
		{67F9D3A8-F71E-4428-913F-C37AE82CDB24}.AppStore|x86.Build.0 = Release|Any CPU
		{67F9D3A8-F71E-4428-913F-C37AE82CDB24}.Debug|Any CPU.ActiveCfg = Debug|Any CPU
		{67F9D3A8-F71E-4428-913F-C37AE82CDB24}.Debug|Any CPU.Build.0 = Debug|Any CPU
		{67F9D3A8-F71E-4428-913F-C37AE82CDB24}.Debug|ARM.ActiveCfg = Debug|Any CPU
		{67F9D3A8-F71E-4428-913F-C37AE82CDB24}.Debug|ARM.Build.0 = Debug|Any CPU
		{67F9D3A8-F71E-4428-913F-C37AE82CDB24}.Debug|iPhone.ActiveCfg = Debug|Any CPU
		{67F9D3A8-F71E-4428-913F-C37AE82CDB24}.Debug|iPhone.Build.0 = Debug|Any CPU
		{67F9D3A8-F71E-4428-913F-C37AE82CDB24}.Debug|iPhoneSimulator.ActiveCfg = Debug|Any CPU
		{67F9D3A8-F71E-4428-913F-C37AE82CDB24}.Debug|iPhoneSimulator.Build.0 = Debug|Any CPU
		{67F9D3A8-F71E-4428-913F-C37AE82CDB24}.Debug|x64.ActiveCfg = Debug|Any CPU
		{67F9D3A8-F71E-4428-913F-C37AE82CDB24}.Debug|x64.Build.0 = Debug|Any CPU
		{67F9D3A8-F71E-4428-913F-C37AE82CDB24}.Debug|x86.ActiveCfg = Debug|Any CPU
		{67F9D3A8-F71E-4428-913F-C37AE82CDB24}.Debug|x86.Build.0 = Debug|Any CPU
		{67F9D3A8-F71E-4428-913F-C37AE82CDB24}.Release|Any CPU.ActiveCfg = Release|Any CPU
		{67F9D3A8-F71E-4428-913F-C37AE82CDB24}.Release|Any CPU.Build.0 = Release|Any CPU
		{67F9D3A8-F71E-4428-913F-C37AE82CDB24}.Release|ARM.ActiveCfg = Release|Any CPU
		{67F9D3A8-F71E-4428-913F-C37AE82CDB24}.Release|ARM.Build.0 = Release|Any CPU
		{67F9D3A8-F71E-4428-913F-C37AE82CDB24}.Release|iPhone.ActiveCfg = Release|Any CPU
		{67F9D3A8-F71E-4428-913F-C37AE82CDB24}.Release|iPhone.Build.0 = Release|Any CPU
		{67F9D3A8-F71E-4428-913F-C37AE82CDB24}.Release|iPhoneSimulator.ActiveCfg = Release|Any CPU
		{67F9D3A8-F71E-4428-913F-C37AE82CDB24}.Release|iPhoneSimulator.Build.0 = Release|Any CPU
		{67F9D3A8-F71E-4428-913F-C37AE82CDB24}.Release|x64.ActiveCfg = Release|Any CPU
		{67F9D3A8-F71E-4428-913F-C37AE82CDB24}.Release|x64.Build.0 = Release|Any CPU
		{67F9D3A8-F71E-4428-913F-C37AE82CDB24}.Release|x86.ActiveCfg = Release|Any CPU
		{67F9D3A8-F71E-4428-913F-C37AE82CDB24}.Release|x86.Build.0 = Release|Any CPU
		{8E7363A4-0C7F-4F12-BE77-311CB606C25D}.Ad-Hoc|Any CPU.ActiveCfg = Release|Any CPU
		{8E7363A4-0C7F-4F12-BE77-311CB606C25D}.Ad-Hoc|Any CPU.Build.0 = Release|Any CPU
		{8E7363A4-0C7F-4F12-BE77-311CB606C25D}.Ad-Hoc|ARM.ActiveCfg = Release|Any CPU
		{8E7363A4-0C7F-4F12-BE77-311CB606C25D}.Ad-Hoc|ARM.Build.0 = Release|Any CPU
		{8E7363A4-0C7F-4F12-BE77-311CB606C25D}.Ad-Hoc|iPhone.ActiveCfg = Release|Any CPU
		{8E7363A4-0C7F-4F12-BE77-311CB606C25D}.Ad-Hoc|iPhone.Build.0 = Release|Any CPU
		{8E7363A4-0C7F-4F12-BE77-311CB606C25D}.Ad-Hoc|iPhoneSimulator.ActiveCfg = Release|Any CPU
		{8E7363A4-0C7F-4F12-BE77-311CB606C25D}.Ad-Hoc|iPhoneSimulator.Build.0 = Release|Any CPU
		{8E7363A4-0C7F-4F12-BE77-311CB606C25D}.Ad-Hoc|x64.ActiveCfg = Release|Any CPU
		{8E7363A4-0C7F-4F12-BE77-311CB606C25D}.Ad-Hoc|x64.Build.0 = Release|Any CPU
		{8E7363A4-0C7F-4F12-BE77-311CB606C25D}.Ad-Hoc|x86.ActiveCfg = Release|Any CPU
		{8E7363A4-0C7F-4F12-BE77-311CB606C25D}.Ad-Hoc|x86.Build.0 = Release|Any CPU
		{8E7363A4-0C7F-4F12-BE77-311CB606C25D}.AppStore|Any CPU.ActiveCfg = Release|Any CPU
		{8E7363A4-0C7F-4F12-BE77-311CB606C25D}.AppStore|Any CPU.Build.0 = Release|Any CPU
		{8E7363A4-0C7F-4F12-BE77-311CB606C25D}.AppStore|ARM.ActiveCfg = Release|Any CPU
		{8E7363A4-0C7F-4F12-BE77-311CB606C25D}.AppStore|ARM.Build.0 = Release|Any CPU
		{8E7363A4-0C7F-4F12-BE77-311CB606C25D}.AppStore|iPhone.ActiveCfg = Release|Any CPU
		{8E7363A4-0C7F-4F12-BE77-311CB606C25D}.AppStore|iPhone.Build.0 = Release|Any CPU
		{8E7363A4-0C7F-4F12-BE77-311CB606C25D}.AppStore|iPhoneSimulator.ActiveCfg = Release|Any CPU
		{8E7363A4-0C7F-4F12-BE77-311CB606C25D}.AppStore|iPhoneSimulator.Build.0 = Release|Any CPU
		{8E7363A4-0C7F-4F12-BE77-311CB606C25D}.AppStore|x64.ActiveCfg = Release|Any CPU
		{8E7363A4-0C7F-4F12-BE77-311CB606C25D}.AppStore|x64.Build.0 = Release|Any CPU
		{8E7363A4-0C7F-4F12-BE77-311CB606C25D}.AppStore|x86.ActiveCfg = Release|Any CPU
		{8E7363A4-0C7F-4F12-BE77-311CB606C25D}.AppStore|x86.Build.0 = Release|Any CPU
		{8E7363A4-0C7F-4F12-BE77-311CB606C25D}.Debug|Any CPU.ActiveCfg = Debug|Any CPU
		{8E7363A4-0C7F-4F12-BE77-311CB606C25D}.Debug|Any CPU.Build.0 = Debug|Any CPU
		{8E7363A4-0C7F-4F12-BE77-311CB606C25D}.Debug|ARM.ActiveCfg = Debug|Any CPU
		{8E7363A4-0C7F-4F12-BE77-311CB606C25D}.Debug|ARM.Build.0 = Debug|Any CPU
		{8E7363A4-0C7F-4F12-BE77-311CB606C25D}.Debug|iPhone.ActiveCfg = Debug|Any CPU
		{8E7363A4-0C7F-4F12-BE77-311CB606C25D}.Debug|iPhone.Build.0 = Debug|Any CPU
		{8E7363A4-0C7F-4F12-BE77-311CB606C25D}.Debug|iPhoneSimulator.ActiveCfg = Debug|Any CPU
		{8E7363A4-0C7F-4F12-BE77-311CB606C25D}.Debug|iPhoneSimulator.Build.0 = Debug|Any CPU
		{8E7363A4-0C7F-4F12-BE77-311CB606C25D}.Debug|x64.ActiveCfg = Debug|Any CPU
		{8E7363A4-0C7F-4F12-BE77-311CB606C25D}.Debug|x64.Build.0 = Debug|Any CPU
		{8E7363A4-0C7F-4F12-BE77-311CB606C25D}.Debug|x86.ActiveCfg = Debug|Any CPU
		{8E7363A4-0C7F-4F12-BE77-311CB606C25D}.Debug|x86.Build.0 = Debug|Any CPU
		{8E7363A4-0C7F-4F12-BE77-311CB606C25D}.Release|Any CPU.ActiveCfg = Release|Any CPU
		{8E7363A4-0C7F-4F12-BE77-311CB606C25D}.Release|Any CPU.Build.0 = Release|Any CPU
		{8E7363A4-0C7F-4F12-BE77-311CB606C25D}.Release|ARM.ActiveCfg = Release|Any CPU
		{8E7363A4-0C7F-4F12-BE77-311CB606C25D}.Release|ARM.Build.0 = Release|Any CPU
		{8E7363A4-0C7F-4F12-BE77-311CB606C25D}.Release|iPhone.ActiveCfg = Release|Any CPU
		{8E7363A4-0C7F-4F12-BE77-311CB606C25D}.Release|iPhone.Build.0 = Release|Any CPU
		{8E7363A4-0C7F-4F12-BE77-311CB606C25D}.Release|iPhoneSimulator.ActiveCfg = Release|Any CPU
		{8E7363A4-0C7F-4F12-BE77-311CB606C25D}.Release|iPhoneSimulator.Build.0 = Release|Any CPU
		{8E7363A4-0C7F-4F12-BE77-311CB606C25D}.Release|x64.ActiveCfg = Release|Any CPU
		{8E7363A4-0C7F-4F12-BE77-311CB606C25D}.Release|x64.Build.0 = Release|Any CPU
		{8E7363A4-0C7F-4F12-BE77-311CB606C25D}.Release|x86.ActiveCfg = Release|Any CPU
		{8E7363A4-0C7F-4F12-BE77-311CB606C25D}.Release|x86.Build.0 = Release|Any CPU
		{655E0E6A-F84E-4952-BAD5-C8592BA807F8}.Ad-Hoc|Any CPU.ActiveCfg = Ad-Hoc|iPhone
		{655E0E6A-F84E-4952-BAD5-C8592BA807F8}.Ad-Hoc|ARM.ActiveCfg = Ad-Hoc|iPhone
		{655E0E6A-F84E-4952-BAD5-C8592BA807F8}.Ad-Hoc|iPhone.ActiveCfg = Ad-Hoc|iPhone
		{655E0E6A-F84E-4952-BAD5-C8592BA807F8}.Ad-Hoc|iPhone.Build.0 = Ad-Hoc|iPhone
		{655E0E6A-F84E-4952-BAD5-C8592BA807F8}.Ad-Hoc|iPhoneSimulator.ActiveCfg = Ad-Hoc|iPhoneSimulator
		{655E0E6A-F84E-4952-BAD5-C8592BA807F8}.Ad-Hoc|iPhoneSimulator.Build.0 = Ad-Hoc|iPhoneSimulator
		{655E0E6A-F84E-4952-BAD5-C8592BA807F8}.Ad-Hoc|x64.ActiveCfg = Ad-Hoc|iPhone
		{655E0E6A-F84E-4952-BAD5-C8592BA807F8}.Ad-Hoc|x86.ActiveCfg = Ad-Hoc|iPhone
		{655E0E6A-F84E-4952-BAD5-C8592BA807F8}.AppStore|Any CPU.ActiveCfg = AppStore|iPhone
		{655E0E6A-F84E-4952-BAD5-C8592BA807F8}.AppStore|ARM.ActiveCfg = AppStore|iPhone
		{655E0E6A-F84E-4952-BAD5-C8592BA807F8}.AppStore|iPhone.ActiveCfg = AppStore|iPhone
		{655E0E6A-F84E-4952-BAD5-C8592BA807F8}.AppStore|iPhone.Build.0 = AppStore|iPhone
		{655E0E6A-F84E-4952-BAD5-C8592BA807F8}.AppStore|iPhoneSimulator.ActiveCfg = AppStore|iPhoneSimulator
		{655E0E6A-F84E-4952-BAD5-C8592BA807F8}.AppStore|iPhoneSimulator.Build.0 = AppStore|iPhoneSimulator
		{655E0E6A-F84E-4952-BAD5-C8592BA807F8}.AppStore|x64.ActiveCfg = AppStore|iPhone
		{655E0E6A-F84E-4952-BAD5-C8592BA807F8}.AppStore|x86.ActiveCfg = AppStore|iPhone
		{655E0E6A-F84E-4952-BAD5-C8592BA807F8}.Debug|Any CPU.ActiveCfg = Debug|iPhone
		{655E0E6A-F84E-4952-BAD5-C8592BA807F8}.Debug|ARM.ActiveCfg = Debug|iPhone
		{655E0E6A-F84E-4952-BAD5-C8592BA807F8}.Debug|iPhone.ActiveCfg = Debug|iPhone
		{655E0E6A-F84E-4952-BAD5-C8592BA807F8}.Debug|iPhone.Build.0 = Debug|iPhone
		{655E0E6A-F84E-4952-BAD5-C8592BA807F8}.Debug|iPhoneSimulator.ActiveCfg = Debug|iPhoneSimulator
		{655E0E6A-F84E-4952-BAD5-C8592BA807F8}.Debug|iPhoneSimulator.Build.0 = Debug|iPhoneSimulator
		{655E0E6A-F84E-4952-BAD5-C8592BA807F8}.Debug|x64.ActiveCfg = Debug|iPhone
		{655E0E6A-F84E-4952-BAD5-C8592BA807F8}.Debug|x86.ActiveCfg = Debug|iPhone
		{655E0E6A-F84E-4952-BAD5-C8592BA807F8}.Release|Any CPU.ActiveCfg = Release|iPhone
		{655E0E6A-F84E-4952-BAD5-C8592BA807F8}.Release|ARM.ActiveCfg = Release|iPhone
		{655E0E6A-F84E-4952-BAD5-C8592BA807F8}.Release|iPhone.ActiveCfg = Release|iPhone
		{655E0E6A-F84E-4952-BAD5-C8592BA807F8}.Release|iPhone.Build.0 = Release|iPhone
		{655E0E6A-F84E-4952-BAD5-C8592BA807F8}.Release|iPhoneSimulator.ActiveCfg = Release|iPhoneSimulator
		{655E0E6A-F84E-4952-BAD5-C8592BA807F8}.Release|iPhoneSimulator.Build.0 = Release|iPhoneSimulator
		{655E0E6A-F84E-4952-BAD5-C8592BA807F8}.Release|x64.ActiveCfg = Release|iPhone
		{655E0E6A-F84E-4952-BAD5-C8592BA807F8}.Release|x86.ActiveCfg = Release|iPhone
		{70B982E2-5866-4AF2-9CDA-AE70E7331D48}.Ad-Hoc|Any CPU.ActiveCfg = Release|Any CPU
		{70B982E2-5866-4AF2-9CDA-AE70E7331D48}.Ad-Hoc|Any CPU.Build.0 = Release|Any CPU
		{70B982E2-5866-4AF2-9CDA-AE70E7331D48}.Ad-Hoc|Any CPU.Deploy.0 = Release|Any CPU
		{70B982E2-5866-4AF2-9CDA-AE70E7331D48}.Ad-Hoc|ARM.ActiveCfg = Release|Any CPU
		{70B982E2-5866-4AF2-9CDA-AE70E7331D48}.Ad-Hoc|ARM.Build.0 = Release|Any CPU
		{70B982E2-5866-4AF2-9CDA-AE70E7331D48}.Ad-Hoc|ARM.Deploy.0 = Release|Any CPU
		{70B982E2-5866-4AF2-9CDA-AE70E7331D48}.Ad-Hoc|iPhone.ActiveCfg = Release|Any CPU
		{70B982E2-5866-4AF2-9CDA-AE70E7331D48}.Ad-Hoc|iPhone.Build.0 = Release|Any CPU
		{70B982E2-5866-4AF2-9CDA-AE70E7331D48}.Ad-Hoc|iPhone.Deploy.0 = Release|Any CPU
		{70B982E2-5866-4AF2-9CDA-AE70E7331D48}.Ad-Hoc|iPhoneSimulator.ActiveCfg = Release|Any CPU
		{70B982E2-5866-4AF2-9CDA-AE70E7331D48}.Ad-Hoc|iPhoneSimulator.Build.0 = Release|Any CPU
		{70B982E2-5866-4AF2-9CDA-AE70E7331D48}.Ad-Hoc|iPhoneSimulator.Deploy.0 = Release|Any CPU
		{70B982E2-5866-4AF2-9CDA-AE70E7331D48}.Ad-Hoc|x64.ActiveCfg = Release|Any CPU
		{70B982E2-5866-4AF2-9CDA-AE70E7331D48}.Ad-Hoc|x64.Build.0 = Release|Any CPU
		{70B982E2-5866-4AF2-9CDA-AE70E7331D48}.Ad-Hoc|x64.Deploy.0 = Release|Any CPU
		{70B982E2-5866-4AF2-9CDA-AE70E7331D48}.Ad-Hoc|x86.ActiveCfg = Release|Any CPU
		{70B982E2-5866-4AF2-9CDA-AE70E7331D48}.Ad-Hoc|x86.Build.0 = Release|Any CPU
		{70B982E2-5866-4AF2-9CDA-AE70E7331D48}.Ad-Hoc|x86.Deploy.0 = Release|Any CPU
		{70B982E2-5866-4AF2-9CDA-AE70E7331D48}.AppStore|Any CPU.ActiveCfg = Release|Any CPU
		{70B982E2-5866-4AF2-9CDA-AE70E7331D48}.AppStore|Any CPU.Build.0 = Release|Any CPU
		{70B982E2-5866-4AF2-9CDA-AE70E7331D48}.AppStore|Any CPU.Deploy.0 = Release|Any CPU
		{70B982E2-5866-4AF2-9CDA-AE70E7331D48}.AppStore|ARM.ActiveCfg = Release|Any CPU
		{70B982E2-5866-4AF2-9CDA-AE70E7331D48}.AppStore|ARM.Build.0 = Release|Any CPU
		{70B982E2-5866-4AF2-9CDA-AE70E7331D48}.AppStore|ARM.Deploy.0 = Release|Any CPU
		{70B982E2-5866-4AF2-9CDA-AE70E7331D48}.AppStore|iPhone.ActiveCfg = Release|Any CPU
		{70B982E2-5866-4AF2-9CDA-AE70E7331D48}.AppStore|iPhone.Build.0 = Release|Any CPU
		{70B982E2-5866-4AF2-9CDA-AE70E7331D48}.AppStore|iPhone.Deploy.0 = Release|Any CPU
		{70B982E2-5866-4AF2-9CDA-AE70E7331D48}.AppStore|iPhoneSimulator.ActiveCfg = Release|Any CPU
		{70B982E2-5866-4AF2-9CDA-AE70E7331D48}.AppStore|iPhoneSimulator.Build.0 = Release|Any CPU
		{70B982E2-5866-4AF2-9CDA-AE70E7331D48}.AppStore|iPhoneSimulator.Deploy.0 = Release|Any CPU
		{70B982E2-5866-4AF2-9CDA-AE70E7331D48}.AppStore|x64.ActiveCfg = Release|Any CPU
		{70B982E2-5866-4AF2-9CDA-AE70E7331D48}.AppStore|x64.Build.0 = Release|Any CPU
		{70B982E2-5866-4AF2-9CDA-AE70E7331D48}.AppStore|x64.Deploy.0 = Release|Any CPU
		{70B982E2-5866-4AF2-9CDA-AE70E7331D48}.AppStore|x86.ActiveCfg = Release|Any CPU
		{70B982E2-5866-4AF2-9CDA-AE70E7331D48}.AppStore|x86.Build.0 = Release|Any CPU
		{70B982E2-5866-4AF2-9CDA-AE70E7331D48}.AppStore|x86.Deploy.0 = Release|Any CPU
		{70B982E2-5866-4AF2-9CDA-AE70E7331D48}.Debug|Any CPU.ActiveCfg = Debug|Any CPU
		{70B982E2-5866-4AF2-9CDA-AE70E7331D48}.Debug|Any CPU.Build.0 = Debug|Any CPU
		{70B982E2-5866-4AF2-9CDA-AE70E7331D48}.Debug|Any CPU.Deploy.0 = Debug|Any CPU
		{70B982E2-5866-4AF2-9CDA-AE70E7331D48}.Debug|ARM.ActiveCfg = Debug|Any CPU
		{70B982E2-5866-4AF2-9CDA-AE70E7331D48}.Debug|ARM.Build.0 = Debug|Any CPU
		{70B982E2-5866-4AF2-9CDA-AE70E7331D48}.Debug|ARM.Deploy.0 = Debug|Any CPU
		{70B982E2-5866-4AF2-9CDA-AE70E7331D48}.Debug|iPhone.ActiveCfg = Debug|Any CPU
		{70B982E2-5866-4AF2-9CDA-AE70E7331D48}.Debug|iPhone.Build.0 = Debug|Any CPU
		{70B982E2-5866-4AF2-9CDA-AE70E7331D48}.Debug|iPhone.Deploy.0 = Debug|Any CPU
		{70B982E2-5866-4AF2-9CDA-AE70E7331D48}.Debug|iPhoneSimulator.ActiveCfg = Debug|Any CPU
		{70B982E2-5866-4AF2-9CDA-AE70E7331D48}.Debug|iPhoneSimulator.Build.0 = Debug|Any CPU
		{70B982E2-5866-4AF2-9CDA-AE70E7331D48}.Debug|iPhoneSimulator.Deploy.0 = Debug|Any CPU
		{70B982E2-5866-4AF2-9CDA-AE70E7331D48}.Debug|x64.ActiveCfg = Debug|Any CPU
		{70B982E2-5866-4AF2-9CDA-AE70E7331D48}.Debug|x64.Build.0 = Debug|Any CPU
		{70B982E2-5866-4AF2-9CDA-AE70E7331D48}.Debug|x64.Deploy.0 = Debug|Any CPU
		{70B982E2-5866-4AF2-9CDA-AE70E7331D48}.Debug|x86.ActiveCfg = Debug|Any CPU
		{70B982E2-5866-4AF2-9CDA-AE70E7331D48}.Debug|x86.Build.0 = Debug|Any CPU
		{70B982E2-5866-4AF2-9CDA-AE70E7331D48}.Debug|x86.Deploy.0 = Debug|Any CPU
		{70B982E2-5866-4AF2-9CDA-AE70E7331D48}.Release|Any CPU.ActiveCfg = Release|Any CPU
		{70B982E2-5866-4AF2-9CDA-AE70E7331D48}.Release|Any CPU.Build.0 = Release|Any CPU
		{70B982E2-5866-4AF2-9CDA-AE70E7331D48}.Release|Any CPU.Deploy.0 = Release|Any CPU
		{70B982E2-5866-4AF2-9CDA-AE70E7331D48}.Release|ARM.ActiveCfg = Release|Any CPU
		{70B982E2-5866-4AF2-9CDA-AE70E7331D48}.Release|ARM.Build.0 = Release|Any CPU
		{70B982E2-5866-4AF2-9CDA-AE70E7331D48}.Release|ARM.Deploy.0 = Release|Any CPU
		{70B982E2-5866-4AF2-9CDA-AE70E7331D48}.Release|iPhone.ActiveCfg = Release|Any CPU
		{70B982E2-5866-4AF2-9CDA-AE70E7331D48}.Release|iPhone.Build.0 = Release|Any CPU
		{70B982E2-5866-4AF2-9CDA-AE70E7331D48}.Release|iPhone.Deploy.0 = Release|Any CPU
		{70B982E2-5866-4AF2-9CDA-AE70E7331D48}.Release|iPhoneSimulator.ActiveCfg = Release|Any CPU
		{70B982E2-5866-4AF2-9CDA-AE70E7331D48}.Release|iPhoneSimulator.Build.0 = Release|Any CPU
		{70B982E2-5866-4AF2-9CDA-AE70E7331D48}.Release|iPhoneSimulator.Deploy.0 = Release|Any CPU
		{70B982E2-5866-4AF2-9CDA-AE70E7331D48}.Release|x64.ActiveCfg = Release|Any CPU
		{70B982E2-5866-4AF2-9CDA-AE70E7331D48}.Release|x64.Build.0 = Release|Any CPU
		{70B982E2-5866-4AF2-9CDA-AE70E7331D48}.Release|x64.Deploy.0 = Release|Any CPU
		{70B982E2-5866-4AF2-9CDA-AE70E7331D48}.Release|x86.ActiveCfg = Release|Any CPU
		{70B982E2-5866-4AF2-9CDA-AE70E7331D48}.Release|x86.Build.0 = Release|Any CPU
		{70B982E2-5866-4AF2-9CDA-AE70E7331D48}.Release|x86.Deploy.0 = Release|Any CPU
		{DAAAF06D-4E67-4442-B695-3CC3A26E4E17}.Ad-Hoc|Any CPU.ActiveCfg = Release|Any CPU
		{DAAAF06D-4E67-4442-B695-3CC3A26E4E17}.Ad-Hoc|Any CPU.Build.0 = Release|Any CPU
		{DAAAF06D-4E67-4442-B695-3CC3A26E4E17}.Ad-Hoc|ARM.ActiveCfg = Release|Any CPU
		{DAAAF06D-4E67-4442-B695-3CC3A26E4E17}.Ad-Hoc|ARM.Build.0 = Release|Any CPU
		{DAAAF06D-4E67-4442-B695-3CC3A26E4E17}.Ad-Hoc|iPhone.ActiveCfg = Release|Any CPU
		{DAAAF06D-4E67-4442-B695-3CC3A26E4E17}.Ad-Hoc|iPhone.Build.0 = Release|Any CPU
		{DAAAF06D-4E67-4442-B695-3CC3A26E4E17}.Ad-Hoc|iPhoneSimulator.ActiveCfg = Release|Any CPU
		{DAAAF06D-4E67-4442-B695-3CC3A26E4E17}.Ad-Hoc|iPhoneSimulator.Build.0 = Release|Any CPU
		{DAAAF06D-4E67-4442-B695-3CC3A26E4E17}.Ad-Hoc|x64.ActiveCfg = Release|Any CPU
		{DAAAF06D-4E67-4442-B695-3CC3A26E4E17}.Ad-Hoc|x64.Build.0 = Release|Any CPU
		{DAAAF06D-4E67-4442-B695-3CC3A26E4E17}.Ad-Hoc|x86.ActiveCfg = Release|Any CPU
		{DAAAF06D-4E67-4442-B695-3CC3A26E4E17}.Ad-Hoc|x86.Build.0 = Release|Any CPU
		{DAAAF06D-4E67-4442-B695-3CC3A26E4E17}.AppStore|Any CPU.ActiveCfg = Release|Any CPU
		{DAAAF06D-4E67-4442-B695-3CC3A26E4E17}.AppStore|Any CPU.Build.0 = Release|Any CPU
		{DAAAF06D-4E67-4442-B695-3CC3A26E4E17}.AppStore|ARM.ActiveCfg = Release|Any CPU
		{DAAAF06D-4E67-4442-B695-3CC3A26E4E17}.AppStore|ARM.Build.0 = Release|Any CPU
		{DAAAF06D-4E67-4442-B695-3CC3A26E4E17}.AppStore|iPhone.ActiveCfg = Release|Any CPU
		{DAAAF06D-4E67-4442-B695-3CC3A26E4E17}.AppStore|iPhone.Build.0 = Release|Any CPU
		{DAAAF06D-4E67-4442-B695-3CC3A26E4E17}.AppStore|iPhoneSimulator.ActiveCfg = Release|Any CPU
		{DAAAF06D-4E67-4442-B695-3CC3A26E4E17}.AppStore|iPhoneSimulator.Build.0 = Release|Any CPU
		{DAAAF06D-4E67-4442-B695-3CC3A26E4E17}.AppStore|x64.ActiveCfg = Release|Any CPU
		{DAAAF06D-4E67-4442-B695-3CC3A26E4E17}.AppStore|x64.Build.0 = Release|Any CPU
		{DAAAF06D-4E67-4442-B695-3CC3A26E4E17}.AppStore|x86.ActiveCfg = Release|Any CPU
		{DAAAF06D-4E67-4442-B695-3CC3A26E4E17}.AppStore|x86.Build.0 = Release|Any CPU
		{DAAAF06D-4E67-4442-B695-3CC3A26E4E17}.Debug|Any CPU.ActiveCfg = Debug|Any CPU
		{DAAAF06D-4E67-4442-B695-3CC3A26E4E17}.Debug|Any CPU.Build.0 = Debug|Any CPU
		{DAAAF06D-4E67-4442-B695-3CC3A26E4E17}.Debug|ARM.ActiveCfg = Debug|Any CPU
		{DAAAF06D-4E67-4442-B695-3CC3A26E4E17}.Debug|ARM.Build.0 = Debug|Any CPU
		{DAAAF06D-4E67-4442-B695-3CC3A26E4E17}.Debug|iPhone.ActiveCfg = Debug|Any CPU
		{DAAAF06D-4E67-4442-B695-3CC3A26E4E17}.Debug|iPhone.Build.0 = Debug|Any CPU
		{DAAAF06D-4E67-4442-B695-3CC3A26E4E17}.Debug|iPhoneSimulator.ActiveCfg = Debug|Any CPU
		{DAAAF06D-4E67-4442-B695-3CC3A26E4E17}.Debug|iPhoneSimulator.Build.0 = Debug|Any CPU
		{DAAAF06D-4E67-4442-B695-3CC3A26E4E17}.Debug|x64.ActiveCfg = Debug|Any CPU
		{DAAAF06D-4E67-4442-B695-3CC3A26E4E17}.Debug|x64.Build.0 = Debug|Any CPU
		{DAAAF06D-4E67-4442-B695-3CC3A26E4E17}.Debug|x86.ActiveCfg = Debug|Any CPU
		{DAAAF06D-4E67-4442-B695-3CC3A26E4E17}.Debug|x86.Build.0 = Debug|Any CPU
		{DAAAF06D-4E67-4442-B695-3CC3A26E4E17}.Release|Any CPU.ActiveCfg = Release|Any CPU
		{DAAAF06D-4E67-4442-B695-3CC3A26E4E17}.Release|Any CPU.Build.0 = Release|Any CPU
		{DAAAF06D-4E67-4442-B695-3CC3A26E4E17}.Release|ARM.ActiveCfg = Release|Any CPU
		{DAAAF06D-4E67-4442-B695-3CC3A26E4E17}.Release|ARM.Build.0 = Release|Any CPU
		{DAAAF06D-4E67-4442-B695-3CC3A26E4E17}.Release|iPhone.ActiveCfg = Release|Any CPU
		{DAAAF06D-4E67-4442-B695-3CC3A26E4E17}.Release|iPhone.Build.0 = Release|Any CPU
		{DAAAF06D-4E67-4442-B695-3CC3A26E4E17}.Release|iPhoneSimulator.ActiveCfg = Release|Any CPU
		{DAAAF06D-4E67-4442-B695-3CC3A26E4E17}.Release|iPhoneSimulator.Build.0 = Release|Any CPU
		{DAAAF06D-4E67-4442-B695-3CC3A26E4E17}.Release|x64.ActiveCfg = Release|Any CPU
		{DAAAF06D-4E67-4442-B695-3CC3A26E4E17}.Release|x64.Build.0 = Release|Any CPU
		{DAAAF06D-4E67-4442-B695-3CC3A26E4E17}.Release|x86.ActiveCfg = Release|Any CPU
		{DAAAF06D-4E67-4442-B695-3CC3A26E4E17}.Release|x86.Build.0 = Release|Any CPU
		{8D7B7E3B-83B3-4D04-BDAE-07541F91B922}.Ad-Hoc|Any CPU.ActiveCfg = Release|Any CPU
		{8D7B7E3B-83B3-4D04-BDAE-07541F91B922}.Ad-Hoc|Any CPU.Build.0 = Release|Any CPU
		{8D7B7E3B-83B3-4D04-BDAE-07541F91B922}.Ad-Hoc|ARM.ActiveCfg = Release|Any CPU
		{8D7B7E3B-83B3-4D04-BDAE-07541F91B922}.Ad-Hoc|ARM.Build.0 = Release|Any CPU
		{8D7B7E3B-83B3-4D04-BDAE-07541F91B922}.Ad-Hoc|iPhone.ActiveCfg = Release|Any CPU
		{8D7B7E3B-83B3-4D04-BDAE-07541F91B922}.Ad-Hoc|iPhone.Build.0 = Release|Any CPU
		{8D7B7E3B-83B3-4D04-BDAE-07541F91B922}.Ad-Hoc|iPhoneSimulator.ActiveCfg = Release|Any CPU
		{8D7B7E3B-83B3-4D04-BDAE-07541F91B922}.Ad-Hoc|iPhoneSimulator.Build.0 = Release|Any CPU
		{8D7B7E3B-83B3-4D04-BDAE-07541F91B922}.Ad-Hoc|x64.ActiveCfg = Release|Any CPU
		{8D7B7E3B-83B3-4D04-BDAE-07541F91B922}.Ad-Hoc|x64.Build.0 = Release|Any CPU
		{8D7B7E3B-83B3-4D04-BDAE-07541F91B922}.Ad-Hoc|x86.ActiveCfg = Release|Any CPU
		{8D7B7E3B-83B3-4D04-BDAE-07541F91B922}.Ad-Hoc|x86.Build.0 = Release|Any CPU
		{8D7B7E3B-83B3-4D04-BDAE-07541F91B922}.AppStore|Any CPU.ActiveCfg = Release|Any CPU
		{8D7B7E3B-83B3-4D04-BDAE-07541F91B922}.AppStore|Any CPU.Build.0 = Release|Any CPU
		{8D7B7E3B-83B3-4D04-BDAE-07541F91B922}.AppStore|ARM.ActiveCfg = Release|Any CPU
		{8D7B7E3B-83B3-4D04-BDAE-07541F91B922}.AppStore|ARM.Build.0 = Release|Any CPU
		{8D7B7E3B-83B3-4D04-BDAE-07541F91B922}.AppStore|iPhone.ActiveCfg = Release|Any CPU
		{8D7B7E3B-83B3-4D04-BDAE-07541F91B922}.AppStore|iPhone.Build.0 = Release|Any CPU
		{8D7B7E3B-83B3-4D04-BDAE-07541F91B922}.AppStore|iPhoneSimulator.ActiveCfg = Release|Any CPU
		{8D7B7E3B-83B3-4D04-BDAE-07541F91B922}.AppStore|iPhoneSimulator.Build.0 = Release|Any CPU
		{8D7B7E3B-83B3-4D04-BDAE-07541F91B922}.AppStore|x64.ActiveCfg = Release|Any CPU
		{8D7B7E3B-83B3-4D04-BDAE-07541F91B922}.AppStore|x64.Build.0 = Release|Any CPU
		{8D7B7E3B-83B3-4D04-BDAE-07541F91B922}.AppStore|x86.ActiveCfg = Release|Any CPU
		{8D7B7E3B-83B3-4D04-BDAE-07541F91B922}.AppStore|x86.Build.0 = Release|Any CPU
		{8D7B7E3B-83B3-4D04-BDAE-07541F91B922}.Debug|Any CPU.ActiveCfg = Debug|Any CPU
		{8D7B7E3B-83B3-4D04-BDAE-07541F91B922}.Debug|Any CPU.Build.0 = Debug|Any CPU
		{8D7B7E3B-83B3-4D04-BDAE-07541F91B922}.Debug|ARM.ActiveCfg = Debug|Any CPU
		{8D7B7E3B-83B3-4D04-BDAE-07541F91B922}.Debug|ARM.Build.0 = Debug|Any CPU
		{8D7B7E3B-83B3-4D04-BDAE-07541F91B922}.Debug|iPhone.ActiveCfg = Debug|Any CPU
		{8D7B7E3B-83B3-4D04-BDAE-07541F91B922}.Debug|iPhone.Build.0 = Debug|Any CPU
		{8D7B7E3B-83B3-4D04-BDAE-07541F91B922}.Debug|iPhoneSimulator.ActiveCfg = Debug|Any CPU
		{8D7B7E3B-83B3-4D04-BDAE-07541F91B922}.Debug|iPhoneSimulator.Build.0 = Debug|Any CPU
		{8D7B7E3B-83B3-4D04-BDAE-07541F91B922}.Debug|x64.ActiveCfg = Debug|Any CPU
		{8D7B7E3B-83B3-4D04-BDAE-07541F91B922}.Debug|x64.Build.0 = Debug|Any CPU
		{8D7B7E3B-83B3-4D04-BDAE-07541F91B922}.Debug|x86.ActiveCfg = Debug|Any CPU
		{8D7B7E3B-83B3-4D04-BDAE-07541F91B922}.Debug|x86.Build.0 = Debug|Any CPU
		{8D7B7E3B-83B3-4D04-BDAE-07541F91B922}.Release|Any CPU.ActiveCfg = Release|Any CPU
		{8D7B7E3B-83B3-4D04-BDAE-07541F91B922}.Release|Any CPU.Build.0 = Release|Any CPU
		{8D7B7E3B-83B3-4D04-BDAE-07541F91B922}.Release|ARM.ActiveCfg = Release|Any CPU
		{8D7B7E3B-83B3-4D04-BDAE-07541F91B922}.Release|ARM.Build.0 = Release|Any CPU
		{8D7B7E3B-83B3-4D04-BDAE-07541F91B922}.Release|iPhone.ActiveCfg = Release|Any CPU
		{8D7B7E3B-83B3-4D04-BDAE-07541F91B922}.Release|iPhone.Build.0 = Release|Any CPU
		{8D7B7E3B-83B3-4D04-BDAE-07541F91B922}.Release|iPhoneSimulator.ActiveCfg = Release|Any CPU
		{8D7B7E3B-83B3-4D04-BDAE-07541F91B922}.Release|iPhoneSimulator.Build.0 = Release|Any CPU
		{8D7B7E3B-83B3-4D04-BDAE-07541F91B922}.Release|x64.ActiveCfg = Release|Any CPU
		{8D7B7E3B-83B3-4D04-BDAE-07541F91B922}.Release|x64.Build.0 = Release|Any CPU
		{8D7B7E3B-83B3-4D04-BDAE-07541F91B922}.Release|x86.ActiveCfg = Release|Any CPU
		{8D7B7E3B-83B3-4D04-BDAE-07541F91B922}.Release|x86.Build.0 = Release|Any CPU
		{7DF5CE32-5A9B-4755-9AAD-24BF1F01BE28}.Ad-Hoc|Any CPU.ActiveCfg = Release|Any CPU
		{7DF5CE32-5A9B-4755-9AAD-24BF1F01BE28}.Ad-Hoc|Any CPU.Build.0 = Release|Any CPU
		{7DF5CE32-5A9B-4755-9AAD-24BF1F01BE28}.Ad-Hoc|ARM.ActiveCfg = Release|Any CPU
		{7DF5CE32-5A9B-4755-9AAD-24BF1F01BE28}.Ad-Hoc|ARM.Build.0 = Release|Any CPU
		{7DF5CE32-5A9B-4755-9AAD-24BF1F01BE28}.Ad-Hoc|iPhone.ActiveCfg = Release|Any CPU
		{7DF5CE32-5A9B-4755-9AAD-24BF1F01BE28}.Ad-Hoc|iPhone.Build.0 = Release|Any CPU
		{7DF5CE32-5A9B-4755-9AAD-24BF1F01BE28}.Ad-Hoc|iPhoneSimulator.ActiveCfg = Release|Any CPU
		{7DF5CE32-5A9B-4755-9AAD-24BF1F01BE28}.Ad-Hoc|iPhoneSimulator.Build.0 = Release|Any CPU
		{7DF5CE32-5A9B-4755-9AAD-24BF1F01BE28}.Ad-Hoc|x64.ActiveCfg = Release|Any CPU
		{7DF5CE32-5A9B-4755-9AAD-24BF1F01BE28}.Ad-Hoc|x64.Build.0 = Release|Any CPU
		{7DF5CE32-5A9B-4755-9AAD-24BF1F01BE28}.Ad-Hoc|x86.ActiveCfg = Release|Any CPU
		{7DF5CE32-5A9B-4755-9AAD-24BF1F01BE28}.Ad-Hoc|x86.Build.0 = Release|Any CPU
		{7DF5CE32-5A9B-4755-9AAD-24BF1F01BE28}.AppStore|Any CPU.ActiveCfg = Release|Any CPU
		{7DF5CE32-5A9B-4755-9AAD-24BF1F01BE28}.AppStore|Any CPU.Build.0 = Release|Any CPU
		{7DF5CE32-5A9B-4755-9AAD-24BF1F01BE28}.AppStore|ARM.ActiveCfg = Release|Any CPU
		{7DF5CE32-5A9B-4755-9AAD-24BF1F01BE28}.AppStore|ARM.Build.0 = Release|Any CPU
		{7DF5CE32-5A9B-4755-9AAD-24BF1F01BE28}.AppStore|iPhone.ActiveCfg = Release|Any CPU
		{7DF5CE32-5A9B-4755-9AAD-24BF1F01BE28}.AppStore|iPhone.Build.0 = Release|Any CPU
		{7DF5CE32-5A9B-4755-9AAD-24BF1F01BE28}.AppStore|iPhoneSimulator.ActiveCfg = Release|Any CPU
		{7DF5CE32-5A9B-4755-9AAD-24BF1F01BE28}.AppStore|iPhoneSimulator.Build.0 = Release|Any CPU
		{7DF5CE32-5A9B-4755-9AAD-24BF1F01BE28}.AppStore|x64.ActiveCfg = Release|Any CPU
		{7DF5CE32-5A9B-4755-9AAD-24BF1F01BE28}.AppStore|x64.Build.0 = Release|Any CPU
		{7DF5CE32-5A9B-4755-9AAD-24BF1F01BE28}.AppStore|x86.ActiveCfg = Release|Any CPU
		{7DF5CE32-5A9B-4755-9AAD-24BF1F01BE28}.AppStore|x86.Build.0 = Release|Any CPU
		{7DF5CE32-5A9B-4755-9AAD-24BF1F01BE28}.Debug|Any CPU.ActiveCfg = Debug|Any CPU
		{7DF5CE32-5A9B-4755-9AAD-24BF1F01BE28}.Debug|Any CPU.Build.0 = Debug|Any CPU
		{7DF5CE32-5A9B-4755-9AAD-24BF1F01BE28}.Debug|ARM.ActiveCfg = Debug|Any CPU
		{7DF5CE32-5A9B-4755-9AAD-24BF1F01BE28}.Debug|ARM.Build.0 = Debug|Any CPU
		{7DF5CE32-5A9B-4755-9AAD-24BF1F01BE28}.Debug|iPhone.ActiveCfg = Debug|Any CPU
		{7DF5CE32-5A9B-4755-9AAD-24BF1F01BE28}.Debug|iPhone.Build.0 = Debug|Any CPU
		{7DF5CE32-5A9B-4755-9AAD-24BF1F01BE28}.Debug|iPhoneSimulator.ActiveCfg = Debug|Any CPU
		{7DF5CE32-5A9B-4755-9AAD-24BF1F01BE28}.Debug|iPhoneSimulator.Build.0 = Debug|Any CPU
		{7DF5CE32-5A9B-4755-9AAD-24BF1F01BE28}.Debug|x64.ActiveCfg = Debug|Any CPU
		{7DF5CE32-5A9B-4755-9AAD-24BF1F01BE28}.Debug|x64.Build.0 = Debug|Any CPU
		{7DF5CE32-5A9B-4755-9AAD-24BF1F01BE28}.Debug|x86.ActiveCfg = Debug|Any CPU
		{7DF5CE32-5A9B-4755-9AAD-24BF1F01BE28}.Debug|x86.Build.0 = Debug|Any CPU
		{7DF5CE32-5A9B-4755-9AAD-24BF1F01BE28}.Release|Any CPU.ActiveCfg = Release|Any CPU
		{7DF5CE32-5A9B-4755-9AAD-24BF1F01BE28}.Release|Any CPU.Build.0 = Release|Any CPU
		{7DF5CE32-5A9B-4755-9AAD-24BF1F01BE28}.Release|ARM.ActiveCfg = Release|Any CPU
		{7DF5CE32-5A9B-4755-9AAD-24BF1F01BE28}.Release|ARM.Build.0 = Release|Any CPU
		{7DF5CE32-5A9B-4755-9AAD-24BF1F01BE28}.Release|iPhone.ActiveCfg = Release|Any CPU
		{7DF5CE32-5A9B-4755-9AAD-24BF1F01BE28}.Release|iPhone.Build.0 = Release|Any CPU
		{7DF5CE32-5A9B-4755-9AAD-24BF1F01BE28}.Release|iPhoneSimulator.ActiveCfg = Release|Any CPU
		{7DF5CE32-5A9B-4755-9AAD-24BF1F01BE28}.Release|iPhoneSimulator.Build.0 = Release|Any CPU
		{7DF5CE32-5A9B-4755-9AAD-24BF1F01BE28}.Release|x64.ActiveCfg = Release|Any CPU
		{7DF5CE32-5A9B-4755-9AAD-24BF1F01BE28}.Release|x64.Build.0 = Release|Any CPU
		{7DF5CE32-5A9B-4755-9AAD-24BF1F01BE28}.Release|x86.ActiveCfg = Release|Any CPU
		{7DF5CE32-5A9B-4755-9AAD-24BF1F01BE28}.Release|x86.Build.0 = Release|Any CPU
		{27D73D17-9CEB-4853-B2E0-9B76ABB172F3}.Ad-Hoc|Any CPU.ActiveCfg = Release|x64
		{27D73D17-9CEB-4853-B2E0-9B76ABB172F3}.Ad-Hoc|Any CPU.Build.0 = Release|x64
		{27D73D17-9CEB-4853-B2E0-9B76ABB172F3}.Ad-Hoc|ARM.ActiveCfg = Release|x64
		{27D73D17-9CEB-4853-B2E0-9B76ABB172F3}.Ad-Hoc|ARM.Build.0 = Release|x64
		{27D73D17-9CEB-4853-B2E0-9B76ABB172F3}.Ad-Hoc|iPhone.ActiveCfg = Release|x64
		{27D73D17-9CEB-4853-B2E0-9B76ABB172F3}.Ad-Hoc|iPhone.Build.0 = Release|x64
		{27D73D17-9CEB-4853-B2E0-9B76ABB172F3}.Ad-Hoc|iPhoneSimulator.ActiveCfg = Release|x64
		{27D73D17-9CEB-4853-B2E0-9B76ABB172F3}.Ad-Hoc|iPhoneSimulator.Build.0 = Release|x64
		{27D73D17-9CEB-4853-B2E0-9B76ABB172F3}.Ad-Hoc|x64.ActiveCfg = Release|x64
		{27D73D17-9CEB-4853-B2E0-9B76ABB172F3}.Ad-Hoc|x64.Build.0 = Release|x64
		{27D73D17-9CEB-4853-B2E0-9B76ABB172F3}.Ad-Hoc|x86.ActiveCfg = Release|x64
		{27D73D17-9CEB-4853-B2E0-9B76ABB172F3}.Ad-Hoc|x86.Build.0 = Release|x64
		{27D73D17-9CEB-4853-B2E0-9B76ABB172F3}.AppStore|Any CPU.ActiveCfg = Release|x64
		{27D73D17-9CEB-4853-B2E0-9B76ABB172F3}.AppStore|Any CPU.Build.0 = Release|x64
		{27D73D17-9CEB-4853-B2E0-9B76ABB172F3}.AppStore|ARM.ActiveCfg = Release|x64
		{27D73D17-9CEB-4853-B2E0-9B76ABB172F3}.AppStore|ARM.Build.0 = Release|x64
		{27D73D17-9CEB-4853-B2E0-9B76ABB172F3}.AppStore|iPhone.ActiveCfg = Release|x64
		{27D73D17-9CEB-4853-B2E0-9B76ABB172F3}.AppStore|iPhone.Build.0 = Release|x64
		{27D73D17-9CEB-4853-B2E0-9B76ABB172F3}.AppStore|iPhoneSimulator.ActiveCfg = Release|x64
		{27D73D17-9CEB-4853-B2E0-9B76ABB172F3}.AppStore|iPhoneSimulator.Build.0 = Release|x64
		{27D73D17-9CEB-4853-B2E0-9B76ABB172F3}.AppStore|x64.ActiveCfg = Release|x64
		{27D73D17-9CEB-4853-B2E0-9B76ABB172F3}.AppStore|x64.Build.0 = Release|x64
		{27D73D17-9CEB-4853-B2E0-9B76ABB172F3}.AppStore|x86.ActiveCfg = Release|x64
		{27D73D17-9CEB-4853-B2E0-9B76ABB172F3}.AppStore|x86.Build.0 = Release|x64
		{27D73D17-9CEB-4853-B2E0-9B76ABB172F3}.Debug|Any CPU.ActiveCfg = Debug|x64
		{27D73D17-9CEB-4853-B2E0-9B76ABB172F3}.Debug|ARM.ActiveCfg = Debug|x64
		{27D73D17-9CEB-4853-B2E0-9B76ABB172F3}.Debug|iPhone.ActiveCfg = Debug|x64
		{27D73D17-9CEB-4853-B2E0-9B76ABB172F3}.Debug|iPhoneSimulator.ActiveCfg = Debug|x64
		{27D73D17-9CEB-4853-B2E0-9B76ABB172F3}.Debug|x64.ActiveCfg = Debug|x64
		{27D73D17-9CEB-4853-B2E0-9B76ABB172F3}.Debug|x64.Build.0 = Debug|x64
		{27D73D17-9CEB-4853-B2E0-9B76ABB172F3}.Debug|x86.ActiveCfg = Debug|x64
		{27D73D17-9CEB-4853-B2E0-9B76ABB172F3}.Release|Any CPU.ActiveCfg = Release|x64
		{27D73D17-9CEB-4853-B2E0-9B76ABB172F3}.Release|ARM.ActiveCfg = Release|x64
		{27D73D17-9CEB-4853-B2E0-9B76ABB172F3}.Release|iPhone.ActiveCfg = Release|x64
		{27D73D17-9CEB-4853-B2E0-9B76ABB172F3}.Release|iPhoneSimulator.ActiveCfg = Release|x64
		{27D73D17-9CEB-4853-B2E0-9B76ABB172F3}.Release|x64.ActiveCfg = Release|x64
		{27D73D17-9CEB-4853-B2E0-9B76ABB172F3}.Release|x64.Build.0 = Release|x64
		{27D73D17-9CEB-4853-B2E0-9B76ABB172F3}.Release|x86.ActiveCfg = Release|x64
		{931C5B60-3E28-474B-B92A-FF890A832704}.Ad-Hoc|Any CPU.ActiveCfg = Release|x64
		{931C5B60-3E28-474B-B92A-FF890A832704}.Ad-Hoc|Any CPU.Build.0 = Release|x64
		{931C5B60-3E28-474B-B92A-FF890A832704}.Ad-Hoc|ARM.ActiveCfg = Release|x64
		{931C5B60-3E28-474B-B92A-FF890A832704}.Ad-Hoc|ARM.Build.0 = Release|x64
		{931C5B60-3E28-474B-B92A-FF890A832704}.Ad-Hoc|iPhone.ActiveCfg = Release|x64
		{931C5B60-3E28-474B-B92A-FF890A832704}.Ad-Hoc|iPhone.Build.0 = Release|x64
		{931C5B60-3E28-474B-B92A-FF890A832704}.Ad-Hoc|iPhoneSimulator.ActiveCfg = Release|x64
		{931C5B60-3E28-474B-B92A-FF890A832704}.Ad-Hoc|iPhoneSimulator.Build.0 = Release|x64
		{931C5B60-3E28-474B-B92A-FF890A832704}.Ad-Hoc|x64.ActiveCfg = Release|x64
		{931C5B60-3E28-474B-B92A-FF890A832704}.Ad-Hoc|x64.Build.0 = Release|x64
		{931C5B60-3E28-474B-B92A-FF890A832704}.Ad-Hoc|x86.ActiveCfg = Release|x64
		{931C5B60-3E28-474B-B92A-FF890A832704}.Ad-Hoc|x86.Build.0 = Release|x64
		{931C5B60-3E28-474B-B92A-FF890A832704}.AppStore|Any CPU.ActiveCfg = Release|x64
		{931C5B60-3E28-474B-B92A-FF890A832704}.AppStore|Any CPU.Build.0 = Release|x64
		{931C5B60-3E28-474B-B92A-FF890A832704}.AppStore|ARM.ActiveCfg = Release|x64
		{931C5B60-3E28-474B-B92A-FF890A832704}.AppStore|ARM.Build.0 = Release|x64
		{931C5B60-3E28-474B-B92A-FF890A832704}.AppStore|iPhone.ActiveCfg = Release|x64
		{931C5B60-3E28-474B-B92A-FF890A832704}.AppStore|iPhone.Build.0 = Release|x64
		{931C5B60-3E28-474B-B92A-FF890A832704}.AppStore|iPhoneSimulator.ActiveCfg = Release|x64
		{931C5B60-3E28-474B-B92A-FF890A832704}.AppStore|iPhoneSimulator.Build.0 = Release|x64
		{931C5B60-3E28-474B-B92A-FF890A832704}.AppStore|x64.ActiveCfg = Release|x64
		{931C5B60-3E28-474B-B92A-FF890A832704}.AppStore|x64.Build.0 = Release|x64
		{931C5B60-3E28-474B-B92A-FF890A832704}.AppStore|x86.ActiveCfg = Release|x64
		{931C5B60-3E28-474B-B92A-FF890A832704}.AppStore|x86.Build.0 = Release|x64
		{931C5B60-3E28-474B-B92A-FF890A832704}.Debug|Any CPU.ActiveCfg = Debug|x64
		{931C5B60-3E28-474B-B92A-FF890A832704}.Debug|ARM.ActiveCfg = Debug|x64
		{931C5B60-3E28-474B-B92A-FF890A832704}.Debug|iPhone.ActiveCfg = Debug|x64
		{931C5B60-3E28-474B-B92A-FF890A832704}.Debug|iPhoneSimulator.ActiveCfg = Debug|x64
		{931C5B60-3E28-474B-B92A-FF890A832704}.Debug|x64.ActiveCfg = Debug|x64
		{931C5B60-3E28-474B-B92A-FF890A832704}.Debug|x64.Build.0 = Debug|x64
		{931C5B60-3E28-474B-B92A-FF890A832704}.Debug|x86.ActiveCfg = Debug|x64
		{931C5B60-3E28-474B-B92A-FF890A832704}.Release|Any CPU.ActiveCfg = Release|x64
		{931C5B60-3E28-474B-B92A-FF890A832704}.Release|ARM.ActiveCfg = Release|x64
		{931C5B60-3E28-474B-B92A-FF890A832704}.Release|iPhone.ActiveCfg = Release|x64
		{931C5B60-3E28-474B-B92A-FF890A832704}.Release|iPhoneSimulator.ActiveCfg = Release|x64
		{931C5B60-3E28-474B-B92A-FF890A832704}.Release|x64.ActiveCfg = Release|x64
		{931C5B60-3E28-474B-B92A-FF890A832704}.Release|x64.Build.0 = Release|x64
		{931C5B60-3E28-474B-B92A-FF890A832704}.Release|x86.ActiveCfg = Release|x64
		{02CF626E-88D4-42BE-B6B0-E6565AF98015}.Ad-Hoc|Any CPU.ActiveCfg = Release|x64
		{02CF626E-88D4-42BE-B6B0-E6565AF98015}.Ad-Hoc|Any CPU.Build.0 = Release|x64
		{02CF626E-88D4-42BE-B6B0-E6565AF98015}.Ad-Hoc|Any CPU.Deploy.0 = Release|x64
		{02CF626E-88D4-42BE-B6B0-E6565AF98015}.Ad-Hoc|ARM.ActiveCfg = Release|x64
		{02CF626E-88D4-42BE-B6B0-E6565AF98015}.Ad-Hoc|ARM.Build.0 = Release|x64
		{02CF626E-88D4-42BE-B6B0-E6565AF98015}.Ad-Hoc|ARM.Deploy.0 = Release|x64
		{02CF626E-88D4-42BE-B6B0-E6565AF98015}.Ad-Hoc|iPhone.ActiveCfg = Release|x64
		{02CF626E-88D4-42BE-B6B0-E6565AF98015}.Ad-Hoc|iPhone.Build.0 = Release|x64
		{02CF626E-88D4-42BE-B6B0-E6565AF98015}.Ad-Hoc|iPhone.Deploy.0 = Release|x64
		{02CF626E-88D4-42BE-B6B0-E6565AF98015}.Ad-Hoc|iPhoneSimulator.ActiveCfg = Release|x64
		{02CF626E-88D4-42BE-B6B0-E6565AF98015}.Ad-Hoc|iPhoneSimulator.Build.0 = Release|x64
		{02CF626E-88D4-42BE-B6B0-E6565AF98015}.Ad-Hoc|iPhoneSimulator.Deploy.0 = Release|x64
		{02CF626E-88D4-42BE-B6B0-E6565AF98015}.Ad-Hoc|x64.ActiveCfg = Release|x64
		{02CF626E-88D4-42BE-B6B0-E6565AF98015}.Ad-Hoc|x64.Build.0 = Release|x64
		{02CF626E-88D4-42BE-B6B0-E6565AF98015}.Ad-Hoc|x64.Deploy.0 = Release|x64
		{02CF626E-88D4-42BE-B6B0-E6565AF98015}.Ad-Hoc|x86.ActiveCfg = Release|x64
		{02CF626E-88D4-42BE-B6B0-E6565AF98015}.Ad-Hoc|x86.Build.0 = Release|x64
		{02CF626E-88D4-42BE-B6B0-E6565AF98015}.Ad-Hoc|x86.Deploy.0 = Release|x64
		{02CF626E-88D4-42BE-B6B0-E6565AF98015}.AppStore|Any CPU.ActiveCfg = Release|x64
		{02CF626E-88D4-42BE-B6B0-E6565AF98015}.AppStore|Any CPU.Build.0 = Release|x64
		{02CF626E-88D4-42BE-B6B0-E6565AF98015}.AppStore|Any CPU.Deploy.0 = Release|x64
		{02CF626E-88D4-42BE-B6B0-E6565AF98015}.AppStore|ARM.ActiveCfg = Release|x64
		{02CF626E-88D4-42BE-B6B0-E6565AF98015}.AppStore|ARM.Build.0 = Release|x64
		{02CF626E-88D4-42BE-B6B0-E6565AF98015}.AppStore|ARM.Deploy.0 = Release|x64
		{02CF626E-88D4-42BE-B6B0-E6565AF98015}.AppStore|iPhone.ActiveCfg = Release|x64
		{02CF626E-88D4-42BE-B6B0-E6565AF98015}.AppStore|iPhone.Build.0 = Release|x64
		{02CF626E-88D4-42BE-B6B0-E6565AF98015}.AppStore|iPhone.Deploy.0 = Release|x64
		{02CF626E-88D4-42BE-B6B0-E6565AF98015}.AppStore|iPhoneSimulator.ActiveCfg = Release|x64
		{02CF626E-88D4-42BE-B6B0-E6565AF98015}.AppStore|iPhoneSimulator.Build.0 = Release|x64
		{02CF626E-88D4-42BE-B6B0-E6565AF98015}.AppStore|iPhoneSimulator.Deploy.0 = Release|x64
		{02CF626E-88D4-42BE-B6B0-E6565AF98015}.AppStore|x64.ActiveCfg = Release|x64
		{02CF626E-88D4-42BE-B6B0-E6565AF98015}.AppStore|x64.Build.0 = Release|x64
		{02CF626E-88D4-42BE-B6B0-E6565AF98015}.AppStore|x64.Deploy.0 = Release|x64
		{02CF626E-88D4-42BE-B6B0-E6565AF98015}.AppStore|x86.ActiveCfg = Release|x64
		{02CF626E-88D4-42BE-B6B0-E6565AF98015}.AppStore|x86.Build.0 = Release|x64
		{02CF626E-88D4-42BE-B6B0-E6565AF98015}.AppStore|x86.Deploy.0 = Release|x64
		{02CF626E-88D4-42BE-B6B0-E6565AF98015}.Debug|Any CPU.ActiveCfg = Debug|x64
		{02CF626E-88D4-42BE-B6B0-E6565AF98015}.Debug|ARM.ActiveCfg = Debug|x64
		{02CF626E-88D4-42BE-B6B0-E6565AF98015}.Debug|iPhone.ActiveCfg = Debug|x64
		{02CF626E-88D4-42BE-B6B0-E6565AF98015}.Debug|iPhoneSimulator.ActiveCfg = Debug|x64
		{02CF626E-88D4-42BE-B6B0-E6565AF98015}.Debug|x64.ActiveCfg = Debug|x64
		{02CF626E-88D4-42BE-B6B0-E6565AF98015}.Debug|x64.Build.0 = Debug|x64
		{02CF626E-88D4-42BE-B6B0-E6565AF98015}.Debug|x64.Deploy.0 = Debug|x64
		{02CF626E-88D4-42BE-B6B0-E6565AF98015}.Debug|x86.ActiveCfg = Debug|x64
		{02CF626E-88D4-42BE-B6B0-E6565AF98015}.Release|Any CPU.ActiveCfg = Release|x64
		{02CF626E-88D4-42BE-B6B0-E6565AF98015}.Release|ARM.ActiveCfg = Release|x64
		{02CF626E-88D4-42BE-B6B0-E6565AF98015}.Release|iPhone.ActiveCfg = Release|x64
		{02CF626E-88D4-42BE-B6B0-E6565AF98015}.Release|iPhoneSimulator.ActiveCfg = Release|x64
		{02CF626E-88D4-42BE-B6B0-E6565AF98015}.Release|x64.ActiveCfg = Release|x64
		{02CF626E-88D4-42BE-B6B0-E6565AF98015}.Release|x64.Build.0 = Release|x64
		{02CF626E-88D4-42BE-B6B0-E6565AF98015}.Release|x64.Deploy.0 = Release|x64
		{02CF626E-88D4-42BE-B6B0-E6565AF98015}.Release|x86.ActiveCfg = Release|x64
		{0DE99ED9-61C4-4DA5-9834-FF82A89FBE29}.Ad-Hoc|Any CPU.ActiveCfg = Release|x64
		{0DE99ED9-61C4-4DA5-9834-FF82A89FBE29}.Ad-Hoc|Any CPU.Build.0 = Release|x64
		{0DE99ED9-61C4-4DA5-9834-FF82A89FBE29}.Ad-Hoc|ARM.ActiveCfg = Release|x64
		{0DE99ED9-61C4-4DA5-9834-FF82A89FBE29}.Ad-Hoc|ARM.Build.0 = Release|x64
		{0DE99ED9-61C4-4DA5-9834-FF82A89FBE29}.Ad-Hoc|iPhone.ActiveCfg = Release|x64
		{0DE99ED9-61C4-4DA5-9834-FF82A89FBE29}.Ad-Hoc|iPhone.Build.0 = Release|x64
		{0DE99ED9-61C4-4DA5-9834-FF82A89FBE29}.Ad-Hoc|iPhoneSimulator.ActiveCfg = Release|x64
		{0DE99ED9-61C4-4DA5-9834-FF82A89FBE29}.Ad-Hoc|iPhoneSimulator.Build.0 = Release|x64
		{0DE99ED9-61C4-4DA5-9834-FF82A89FBE29}.Ad-Hoc|x64.ActiveCfg = Release|x64
		{0DE99ED9-61C4-4DA5-9834-FF82A89FBE29}.Ad-Hoc|x64.Build.0 = Release|x64
		{0DE99ED9-61C4-4DA5-9834-FF82A89FBE29}.Ad-Hoc|x86.ActiveCfg = Release|x64
		{0DE99ED9-61C4-4DA5-9834-FF82A89FBE29}.Ad-Hoc|x86.Build.0 = Release|x64
		{0DE99ED9-61C4-4DA5-9834-FF82A89FBE29}.AppStore|Any CPU.ActiveCfg = Release|x64
		{0DE99ED9-61C4-4DA5-9834-FF82A89FBE29}.AppStore|Any CPU.Build.0 = Release|x64
		{0DE99ED9-61C4-4DA5-9834-FF82A89FBE29}.AppStore|ARM.ActiveCfg = Release|x64
		{0DE99ED9-61C4-4DA5-9834-FF82A89FBE29}.AppStore|ARM.Build.0 = Release|x64
		{0DE99ED9-61C4-4DA5-9834-FF82A89FBE29}.AppStore|iPhone.ActiveCfg = Release|x64
		{0DE99ED9-61C4-4DA5-9834-FF82A89FBE29}.AppStore|iPhone.Build.0 = Release|x64
		{0DE99ED9-61C4-4DA5-9834-FF82A89FBE29}.AppStore|iPhoneSimulator.ActiveCfg = Release|x64
		{0DE99ED9-61C4-4DA5-9834-FF82A89FBE29}.AppStore|iPhoneSimulator.Build.0 = Release|x64
		{0DE99ED9-61C4-4DA5-9834-FF82A89FBE29}.AppStore|x64.ActiveCfg = Release|x64
		{0DE99ED9-61C4-4DA5-9834-FF82A89FBE29}.AppStore|x64.Build.0 = Release|x64
		{0DE99ED9-61C4-4DA5-9834-FF82A89FBE29}.AppStore|x86.ActiveCfg = Release|x64
		{0DE99ED9-61C4-4DA5-9834-FF82A89FBE29}.AppStore|x86.Build.0 = Release|x64
		{0DE99ED9-61C4-4DA5-9834-FF82A89FBE29}.Debug|Any CPU.ActiveCfg = Debug|x64
		{0DE99ED9-61C4-4DA5-9834-FF82A89FBE29}.Debug|ARM.ActiveCfg = Debug|x64
		{0DE99ED9-61C4-4DA5-9834-FF82A89FBE29}.Debug|iPhone.ActiveCfg = Debug|x64
		{0DE99ED9-61C4-4DA5-9834-FF82A89FBE29}.Debug|iPhoneSimulator.ActiveCfg = Debug|x64
		{0DE99ED9-61C4-4DA5-9834-FF82A89FBE29}.Debug|x64.ActiveCfg = Debug|x64
		{0DE99ED9-61C4-4DA5-9834-FF82A89FBE29}.Debug|x64.Build.0 = Debug|x64
		{0DE99ED9-61C4-4DA5-9834-FF82A89FBE29}.Debug|x86.ActiveCfg = Debug|x64
		{0DE99ED9-61C4-4DA5-9834-FF82A89FBE29}.Release|Any CPU.ActiveCfg = Release|x64
		{0DE99ED9-61C4-4DA5-9834-FF82A89FBE29}.Release|ARM.ActiveCfg = Release|x64
		{0DE99ED9-61C4-4DA5-9834-FF82A89FBE29}.Release|iPhone.ActiveCfg = Release|x64
		{0DE99ED9-61C4-4DA5-9834-FF82A89FBE29}.Release|iPhoneSimulator.ActiveCfg = Release|x64
		{0DE99ED9-61C4-4DA5-9834-FF82A89FBE29}.Release|x64.ActiveCfg = Release|x64
		{0DE99ED9-61C4-4DA5-9834-FF82A89FBE29}.Release|x64.Build.0 = Release|x64
		{0DE99ED9-61C4-4DA5-9834-FF82A89FBE29}.Release|x86.ActiveCfg = Release|x64
		{0337A95D-6231-46EF-9DF0-3171E5E14ACF}.Ad-Hoc|Any CPU.ActiveCfg = Release|x64
		{0337A95D-6231-46EF-9DF0-3171E5E14ACF}.Ad-Hoc|Any CPU.Build.0 = Release|x64
		{0337A95D-6231-46EF-9DF0-3171E5E14ACF}.Ad-Hoc|ARM.ActiveCfg = Release|x64
		{0337A95D-6231-46EF-9DF0-3171E5E14ACF}.Ad-Hoc|ARM.Build.0 = Release|x64
		{0337A95D-6231-46EF-9DF0-3171E5E14ACF}.Ad-Hoc|iPhone.ActiveCfg = Release|x64
		{0337A95D-6231-46EF-9DF0-3171E5E14ACF}.Ad-Hoc|iPhone.Build.0 = Release|x64
		{0337A95D-6231-46EF-9DF0-3171E5E14ACF}.Ad-Hoc|iPhoneSimulator.ActiveCfg = Release|x64
		{0337A95D-6231-46EF-9DF0-3171E5E14ACF}.Ad-Hoc|iPhoneSimulator.Build.0 = Release|x64
		{0337A95D-6231-46EF-9DF0-3171E5E14ACF}.Ad-Hoc|x64.ActiveCfg = Release|x64
		{0337A95D-6231-46EF-9DF0-3171E5E14ACF}.Ad-Hoc|x64.Build.0 = Release|x64
		{0337A95D-6231-46EF-9DF0-3171E5E14ACF}.Ad-Hoc|x86.ActiveCfg = Release|x64
		{0337A95D-6231-46EF-9DF0-3171E5E14ACF}.Ad-Hoc|x86.Build.0 = Release|x64
		{0337A95D-6231-46EF-9DF0-3171E5E14ACF}.AppStore|Any CPU.ActiveCfg = Release|x64
		{0337A95D-6231-46EF-9DF0-3171E5E14ACF}.AppStore|Any CPU.Build.0 = Release|x64
		{0337A95D-6231-46EF-9DF0-3171E5E14ACF}.AppStore|ARM.ActiveCfg = Release|x64
		{0337A95D-6231-46EF-9DF0-3171E5E14ACF}.AppStore|ARM.Build.0 = Release|x64
		{0337A95D-6231-46EF-9DF0-3171E5E14ACF}.AppStore|iPhone.ActiveCfg = Release|x64
		{0337A95D-6231-46EF-9DF0-3171E5E14ACF}.AppStore|iPhone.Build.0 = Release|x64
		{0337A95D-6231-46EF-9DF0-3171E5E14ACF}.AppStore|iPhoneSimulator.ActiveCfg = Release|x64
		{0337A95D-6231-46EF-9DF0-3171E5E14ACF}.AppStore|iPhoneSimulator.Build.0 = Release|x64
		{0337A95D-6231-46EF-9DF0-3171E5E14ACF}.AppStore|x64.ActiveCfg = Release|x64
		{0337A95D-6231-46EF-9DF0-3171E5E14ACF}.AppStore|x64.Build.0 = Release|x64
		{0337A95D-6231-46EF-9DF0-3171E5E14ACF}.AppStore|x86.ActiveCfg = Release|x64
		{0337A95D-6231-46EF-9DF0-3171E5E14ACF}.AppStore|x86.Build.0 = Release|x64
		{0337A95D-6231-46EF-9DF0-3171E5E14ACF}.Debug|Any CPU.ActiveCfg = Debug|x64
		{0337A95D-6231-46EF-9DF0-3171E5E14ACF}.Debug|ARM.ActiveCfg = Debug|x64
		{0337A95D-6231-46EF-9DF0-3171E5E14ACF}.Debug|iPhone.ActiveCfg = Debug|x64
		{0337A95D-6231-46EF-9DF0-3171E5E14ACF}.Debug|iPhoneSimulator.ActiveCfg = Debug|x64
		{0337A95D-6231-46EF-9DF0-3171E5E14ACF}.Debug|x64.ActiveCfg = Debug|x64
		{0337A95D-6231-46EF-9DF0-3171E5E14ACF}.Debug|x64.Build.0 = Debug|x64
		{0337A95D-6231-46EF-9DF0-3171E5E14ACF}.Debug|x86.ActiveCfg = Debug|x64
		{0337A95D-6231-46EF-9DF0-3171E5E14ACF}.Release|Any CPU.ActiveCfg = Release|x64
		{0337A95D-6231-46EF-9DF0-3171E5E14ACF}.Release|ARM.ActiveCfg = Release|x64
		{0337A95D-6231-46EF-9DF0-3171E5E14ACF}.Release|iPhone.ActiveCfg = Release|x64
		{0337A95D-6231-46EF-9DF0-3171E5E14ACF}.Release|iPhoneSimulator.ActiveCfg = Release|x64
		{0337A95D-6231-46EF-9DF0-3171E5E14ACF}.Release|x64.ActiveCfg = Release|x64
		{0337A95D-6231-46EF-9DF0-3171E5E14ACF}.Release|x64.Build.0 = Release|x64
		{0337A95D-6231-46EF-9DF0-3171E5E14ACF}.Release|x86.ActiveCfg = Release|x64
		{D059F562-864D-4D5D-98EB-E0656A1884F5}.Ad-Hoc|Any CPU.ActiveCfg = Release|x64
		{D059F562-864D-4D5D-98EB-E0656A1884F5}.Ad-Hoc|Any CPU.Build.0 = Release|x64
		{D059F562-864D-4D5D-98EB-E0656A1884F5}.Ad-Hoc|ARM.ActiveCfg = Release|x64
		{D059F562-864D-4D5D-98EB-E0656A1884F5}.Ad-Hoc|ARM.Build.0 = Release|x64
		{D059F562-864D-4D5D-98EB-E0656A1884F5}.Ad-Hoc|iPhone.ActiveCfg = Release|x64
		{D059F562-864D-4D5D-98EB-E0656A1884F5}.Ad-Hoc|iPhone.Build.0 = Release|x64
		{D059F562-864D-4D5D-98EB-E0656A1884F5}.Ad-Hoc|iPhoneSimulator.ActiveCfg = Release|x64
		{D059F562-864D-4D5D-98EB-E0656A1884F5}.Ad-Hoc|iPhoneSimulator.Build.0 = Release|x64
		{D059F562-864D-4D5D-98EB-E0656A1884F5}.Ad-Hoc|x64.ActiveCfg = Release|x64
		{D059F562-864D-4D5D-98EB-E0656A1884F5}.Ad-Hoc|x64.Build.0 = Release|x64
		{D059F562-864D-4D5D-98EB-E0656A1884F5}.Ad-Hoc|x86.ActiveCfg = Release|x64
		{D059F562-864D-4D5D-98EB-E0656A1884F5}.Ad-Hoc|x86.Build.0 = Release|x64
		{D059F562-864D-4D5D-98EB-E0656A1884F5}.AppStore|Any CPU.ActiveCfg = Release|x64
		{D059F562-864D-4D5D-98EB-E0656A1884F5}.AppStore|Any CPU.Build.0 = Release|x64
		{D059F562-864D-4D5D-98EB-E0656A1884F5}.AppStore|ARM.ActiveCfg = Release|x64
		{D059F562-864D-4D5D-98EB-E0656A1884F5}.AppStore|ARM.Build.0 = Release|x64
		{D059F562-864D-4D5D-98EB-E0656A1884F5}.AppStore|iPhone.ActiveCfg = Release|x64
		{D059F562-864D-4D5D-98EB-E0656A1884F5}.AppStore|iPhone.Build.0 = Release|x64
		{D059F562-864D-4D5D-98EB-E0656A1884F5}.AppStore|iPhoneSimulator.ActiveCfg = Release|x64
		{D059F562-864D-4D5D-98EB-E0656A1884F5}.AppStore|iPhoneSimulator.Build.0 = Release|x64
		{D059F562-864D-4D5D-98EB-E0656A1884F5}.AppStore|x64.ActiveCfg = Release|x64
		{D059F562-864D-4D5D-98EB-E0656A1884F5}.AppStore|x64.Build.0 = Release|x64
		{D059F562-864D-4D5D-98EB-E0656A1884F5}.AppStore|x86.ActiveCfg = Release|x64
		{D059F562-864D-4D5D-98EB-E0656A1884F5}.AppStore|x86.Build.0 = Release|x64
		{D059F562-864D-4D5D-98EB-E0656A1884F5}.Debug|Any CPU.ActiveCfg = Debug|x64
		{D059F562-864D-4D5D-98EB-E0656A1884F5}.Debug|ARM.ActiveCfg = Debug|x64
		{D059F562-864D-4D5D-98EB-E0656A1884F5}.Debug|iPhone.ActiveCfg = Debug|x64
		{D059F562-864D-4D5D-98EB-E0656A1884F5}.Debug|iPhoneSimulator.ActiveCfg = Debug|x64
		{D059F562-864D-4D5D-98EB-E0656A1884F5}.Debug|x64.ActiveCfg = Debug|x64
		{D059F562-864D-4D5D-98EB-E0656A1884F5}.Debug|x64.Build.0 = Debug|x64
		{D059F562-864D-4D5D-98EB-E0656A1884F5}.Debug|x86.ActiveCfg = Debug|x64
		{D059F562-864D-4D5D-98EB-E0656A1884F5}.Release|Any CPU.ActiveCfg = Release|x64
		{D059F562-864D-4D5D-98EB-E0656A1884F5}.Release|ARM.ActiveCfg = Release|x64
		{D059F562-864D-4D5D-98EB-E0656A1884F5}.Release|iPhone.ActiveCfg = Release|x64
		{D059F562-864D-4D5D-98EB-E0656A1884F5}.Release|iPhoneSimulator.ActiveCfg = Release|x64
		{D059F562-864D-4D5D-98EB-E0656A1884F5}.Release|x64.ActiveCfg = Release|x64
		{D059F562-864D-4D5D-98EB-E0656A1884F5}.Release|x64.Build.0 = Release|x64
		{D059F562-864D-4D5D-98EB-E0656A1884F5}.Release|x86.ActiveCfg = Release|x64
		{A8BA1066-5695-4D71-ABB4-65E5A5E0C3D4}.Ad-Hoc|Any CPU.ActiveCfg = Release|Any CPU
		{A8BA1066-5695-4D71-ABB4-65E5A5E0C3D4}.Ad-Hoc|Any CPU.Build.0 = Release|Any CPU
		{A8BA1066-5695-4D71-ABB4-65E5A5E0C3D4}.Ad-Hoc|ARM.ActiveCfg = Release|Any CPU
		{A8BA1066-5695-4D71-ABB4-65E5A5E0C3D4}.Ad-Hoc|ARM.Build.0 = Release|Any CPU
		{A8BA1066-5695-4D71-ABB4-65E5A5E0C3D4}.Ad-Hoc|iPhone.ActiveCfg = Release|Any CPU
		{A8BA1066-5695-4D71-ABB4-65E5A5E0C3D4}.Ad-Hoc|iPhone.Build.0 = Release|Any CPU
		{A8BA1066-5695-4D71-ABB4-65E5A5E0C3D4}.Ad-Hoc|iPhoneSimulator.ActiveCfg = Release|Any CPU
		{A8BA1066-5695-4D71-ABB4-65E5A5E0C3D4}.Ad-Hoc|iPhoneSimulator.Build.0 = Release|Any CPU
		{A8BA1066-5695-4D71-ABB4-65E5A5E0C3D4}.Ad-Hoc|x64.ActiveCfg = Release|Any CPU
		{A8BA1066-5695-4D71-ABB4-65E5A5E0C3D4}.Ad-Hoc|x64.Build.0 = Release|Any CPU
		{A8BA1066-5695-4D71-ABB4-65E5A5E0C3D4}.Ad-Hoc|x86.ActiveCfg = Release|Any CPU
		{A8BA1066-5695-4D71-ABB4-65E5A5E0C3D4}.Ad-Hoc|x86.Build.0 = Release|Any CPU
		{A8BA1066-5695-4D71-ABB4-65E5A5E0C3D4}.AppStore|Any CPU.ActiveCfg = Release|Any CPU
		{A8BA1066-5695-4D71-ABB4-65E5A5E0C3D4}.AppStore|Any CPU.Build.0 = Release|Any CPU
		{A8BA1066-5695-4D71-ABB4-65E5A5E0C3D4}.AppStore|ARM.ActiveCfg = Release|Any CPU
		{A8BA1066-5695-4D71-ABB4-65E5A5E0C3D4}.AppStore|ARM.Build.0 = Release|Any CPU
		{A8BA1066-5695-4D71-ABB4-65E5A5E0C3D4}.AppStore|iPhone.ActiveCfg = Release|Any CPU
		{A8BA1066-5695-4D71-ABB4-65E5A5E0C3D4}.AppStore|iPhone.Build.0 = Release|Any CPU
		{A8BA1066-5695-4D71-ABB4-65E5A5E0C3D4}.AppStore|iPhoneSimulator.ActiveCfg = Release|Any CPU
		{A8BA1066-5695-4D71-ABB4-65E5A5E0C3D4}.AppStore|iPhoneSimulator.Build.0 = Release|Any CPU
		{A8BA1066-5695-4D71-ABB4-65E5A5E0C3D4}.AppStore|x64.ActiveCfg = Release|Any CPU
		{A8BA1066-5695-4D71-ABB4-65E5A5E0C3D4}.AppStore|x64.Build.0 = Release|Any CPU
		{A8BA1066-5695-4D71-ABB4-65E5A5E0C3D4}.AppStore|x86.ActiveCfg = Release|Any CPU
		{A8BA1066-5695-4D71-ABB4-65E5A5E0C3D4}.AppStore|x86.Build.0 = Release|Any CPU
		{A8BA1066-5695-4D71-ABB4-65E5A5E0C3D4}.Debug|Any CPU.ActiveCfg = Debug|Any CPU
		{A8BA1066-5695-4D71-ABB4-65E5A5E0C3D4}.Debug|Any CPU.Build.0 = Debug|Any CPU
		{A8BA1066-5695-4D71-ABB4-65E5A5E0C3D4}.Debug|ARM.ActiveCfg = Debug|Any CPU
		{A8BA1066-5695-4D71-ABB4-65E5A5E0C3D4}.Debug|ARM.Build.0 = Debug|Any CPU
		{A8BA1066-5695-4D71-ABB4-65E5A5E0C3D4}.Debug|iPhone.ActiveCfg = Debug|Any CPU
		{A8BA1066-5695-4D71-ABB4-65E5A5E0C3D4}.Debug|iPhone.Build.0 = Debug|Any CPU
		{A8BA1066-5695-4D71-ABB4-65E5A5E0C3D4}.Debug|iPhoneSimulator.ActiveCfg = Debug|Any CPU
		{A8BA1066-5695-4D71-ABB4-65E5A5E0C3D4}.Debug|iPhoneSimulator.Build.0 = Debug|Any CPU
		{A8BA1066-5695-4D71-ABB4-65E5A5E0C3D4}.Debug|x64.ActiveCfg = Debug|Any CPU
		{A8BA1066-5695-4D71-ABB4-65E5A5E0C3D4}.Debug|x64.Build.0 = Debug|Any CPU
		{A8BA1066-5695-4D71-ABB4-65E5A5E0C3D4}.Debug|x86.ActiveCfg = Debug|Any CPU
		{A8BA1066-5695-4D71-ABB4-65E5A5E0C3D4}.Debug|x86.Build.0 = Debug|Any CPU
		{A8BA1066-5695-4D71-ABB4-65E5A5E0C3D4}.Release|Any CPU.ActiveCfg = Release|Any CPU
		{A8BA1066-5695-4D71-ABB4-65E5A5E0C3D4}.Release|Any CPU.Build.0 = Release|Any CPU
		{A8BA1066-5695-4D71-ABB4-65E5A5E0C3D4}.Release|ARM.ActiveCfg = Release|Any CPU
		{A8BA1066-5695-4D71-ABB4-65E5A5E0C3D4}.Release|ARM.Build.0 = Release|Any CPU
		{A8BA1066-5695-4D71-ABB4-65E5A5E0C3D4}.Release|iPhone.ActiveCfg = Release|Any CPU
		{A8BA1066-5695-4D71-ABB4-65E5A5E0C3D4}.Release|iPhone.Build.0 = Release|Any CPU
		{A8BA1066-5695-4D71-ABB4-65E5A5E0C3D4}.Release|iPhoneSimulator.ActiveCfg = Release|Any CPU
		{A8BA1066-5695-4D71-ABB4-65E5A5E0C3D4}.Release|iPhoneSimulator.Build.0 = Release|Any CPU
		{A8BA1066-5695-4D71-ABB4-65E5A5E0C3D4}.Release|x64.ActiveCfg = Release|Any CPU
		{A8BA1066-5695-4D71-ABB4-65E5A5E0C3D4}.Release|x64.Build.0 = Release|Any CPU
		{A8BA1066-5695-4D71-ABB4-65E5A5E0C3D4}.Release|x86.ActiveCfg = Release|Any CPU
		{A8BA1066-5695-4D71-ABB4-65E5A5E0C3D4}.Release|x86.Build.0 = Release|Any CPU
		{F8525E01-E841-4116-B398-ED78CD8F7F50}.Ad-Hoc|Any CPU.ActiveCfg = Release|Any CPU
		{F8525E01-E841-4116-B398-ED78CD8F7F50}.Ad-Hoc|Any CPU.Build.0 = Release|Any CPU
		{F8525E01-E841-4116-B398-ED78CD8F7F50}.Ad-Hoc|ARM.ActiveCfg = Release|Any CPU
		{F8525E01-E841-4116-B398-ED78CD8F7F50}.Ad-Hoc|ARM.Build.0 = Release|Any CPU
		{F8525E01-E841-4116-B398-ED78CD8F7F50}.Ad-Hoc|iPhone.ActiveCfg = Release|Any CPU
		{F8525E01-E841-4116-B398-ED78CD8F7F50}.Ad-Hoc|iPhone.Build.0 = Release|Any CPU
		{F8525E01-E841-4116-B398-ED78CD8F7F50}.Ad-Hoc|iPhoneSimulator.ActiveCfg = Release|Any CPU
		{F8525E01-E841-4116-B398-ED78CD8F7F50}.Ad-Hoc|iPhoneSimulator.Build.0 = Release|Any CPU
		{F8525E01-E841-4116-B398-ED78CD8F7F50}.Ad-Hoc|x64.ActiveCfg = Release|Any CPU
		{F8525E01-E841-4116-B398-ED78CD8F7F50}.Ad-Hoc|x64.Build.0 = Release|Any CPU
		{F8525E01-E841-4116-B398-ED78CD8F7F50}.Ad-Hoc|x86.ActiveCfg = Release|Any CPU
		{F8525E01-E841-4116-B398-ED78CD8F7F50}.Ad-Hoc|x86.Build.0 = Release|Any CPU
		{F8525E01-E841-4116-B398-ED78CD8F7F50}.AppStore|Any CPU.ActiveCfg = Release|Any CPU
		{F8525E01-E841-4116-B398-ED78CD8F7F50}.AppStore|Any CPU.Build.0 = Release|Any CPU
		{F8525E01-E841-4116-B398-ED78CD8F7F50}.AppStore|ARM.ActiveCfg = Release|Any CPU
		{F8525E01-E841-4116-B398-ED78CD8F7F50}.AppStore|ARM.Build.0 = Release|Any CPU
		{F8525E01-E841-4116-B398-ED78CD8F7F50}.AppStore|iPhone.ActiveCfg = Release|Any CPU
		{F8525E01-E841-4116-B398-ED78CD8F7F50}.AppStore|iPhone.Build.0 = Release|Any CPU
		{F8525E01-E841-4116-B398-ED78CD8F7F50}.AppStore|iPhoneSimulator.ActiveCfg = Release|Any CPU
		{F8525E01-E841-4116-B398-ED78CD8F7F50}.AppStore|iPhoneSimulator.Build.0 = Release|Any CPU
		{F8525E01-E841-4116-B398-ED78CD8F7F50}.AppStore|x64.ActiveCfg = Release|Any CPU
		{F8525E01-E841-4116-B398-ED78CD8F7F50}.AppStore|x64.Build.0 = Release|Any CPU
		{F8525E01-E841-4116-B398-ED78CD8F7F50}.AppStore|x86.ActiveCfg = Release|Any CPU
		{F8525E01-E841-4116-B398-ED78CD8F7F50}.AppStore|x86.Build.0 = Release|Any CPU
		{F8525E01-E841-4116-B398-ED78CD8F7F50}.Debug|Any CPU.ActiveCfg = Debug|Any CPU
		{F8525E01-E841-4116-B398-ED78CD8F7F50}.Debug|Any CPU.Build.0 = Debug|Any CPU
		{F8525E01-E841-4116-B398-ED78CD8F7F50}.Debug|ARM.ActiveCfg = Debug|Any CPU
		{F8525E01-E841-4116-B398-ED78CD8F7F50}.Debug|ARM.Build.0 = Debug|Any CPU
		{F8525E01-E841-4116-B398-ED78CD8F7F50}.Debug|iPhone.ActiveCfg = Debug|Any CPU
		{F8525E01-E841-4116-B398-ED78CD8F7F50}.Debug|iPhone.Build.0 = Debug|Any CPU
		{F8525E01-E841-4116-B398-ED78CD8F7F50}.Debug|iPhoneSimulator.ActiveCfg = Debug|Any CPU
		{F8525E01-E841-4116-B398-ED78CD8F7F50}.Debug|iPhoneSimulator.Build.0 = Debug|Any CPU
		{F8525E01-E841-4116-B398-ED78CD8F7F50}.Debug|x64.ActiveCfg = Debug|Any CPU
		{F8525E01-E841-4116-B398-ED78CD8F7F50}.Debug|x64.Build.0 = Debug|Any CPU
		{F8525E01-E841-4116-B398-ED78CD8F7F50}.Debug|x86.ActiveCfg = Debug|Any CPU
		{F8525E01-E841-4116-B398-ED78CD8F7F50}.Debug|x86.Build.0 = Debug|Any CPU
		{F8525E01-E841-4116-B398-ED78CD8F7F50}.Release|Any CPU.ActiveCfg = Release|Any CPU
		{F8525E01-E841-4116-B398-ED78CD8F7F50}.Release|Any CPU.Build.0 = Release|Any CPU
		{F8525E01-E841-4116-B398-ED78CD8F7F50}.Release|ARM.ActiveCfg = Release|Any CPU
		{F8525E01-E841-4116-B398-ED78CD8F7F50}.Release|ARM.Build.0 = Release|Any CPU
		{F8525E01-E841-4116-B398-ED78CD8F7F50}.Release|iPhone.ActiveCfg = Release|Any CPU
		{F8525E01-E841-4116-B398-ED78CD8F7F50}.Release|iPhone.Build.0 = Release|Any CPU
		{F8525E01-E841-4116-B398-ED78CD8F7F50}.Release|iPhoneSimulator.ActiveCfg = Release|Any CPU
		{F8525E01-E841-4116-B398-ED78CD8F7F50}.Release|iPhoneSimulator.Build.0 = Release|Any CPU
		{F8525E01-E841-4116-B398-ED78CD8F7F50}.Release|x64.ActiveCfg = Release|Any CPU
		{F8525E01-E841-4116-B398-ED78CD8F7F50}.Release|x64.Build.0 = Release|Any CPU
		{F8525E01-E841-4116-B398-ED78CD8F7F50}.Release|x86.ActiveCfg = Release|Any CPU
		{F8525E01-E841-4116-B398-ED78CD8F7F50}.Release|x86.Build.0 = Release|Any CPU
	EndGlobalSection
	GlobalSection(SolutionProperties) = preSolution
		HideSolutionNode = FALSE
	EndGlobalSection
	GlobalSection(NestedProjects) = preSolution
		{B6F19AFF-30FA-499F-B555-B0ECCDBE7FFC} = {04C757D8-4F77-495C-80D6-5642F77A5899}
		{77A85AEB-2273-4C03-9A7E-6F90451C1038} = {04C757D8-4F77-495C-80D6-5642F77A5899}
		{16313E55-657A-4087-8DF1-57075383FCD6} = {04C757D8-4F77-495C-80D6-5642F77A5899}
		{60A1EA5B-C361-4175-9ECF-0DB1A6EDB69E} = {0654DFF5-4C73-4E0E-BFDF-3EFD7DDC84E4}
		{04C757D8-4F77-495C-80D6-5642F77A5899} = {0654DFF5-4C73-4E0E-BFDF-3EFD7DDC84E4}
		{AEC86342-22CA-45F4-BC5F-05A1991BED5D} = {60A1EA5B-C361-4175-9ECF-0DB1A6EDB69E}
		{67F9D3A8-F71E-4428-913F-C37AE82CDB24} = {60A1EA5B-C361-4175-9ECF-0DB1A6EDB69E}
		{6C629A45-5C72-4C9E-A933-B4453EA051BD} = {0654DFF5-4C73-4E0E-BFDF-3EFD7DDC84E4}
		{8E7363A4-0C7F-4F12-BE77-311CB606C25D} = {6C629A45-5C72-4C9E-A933-B4453EA051BD}
		{655E0E6A-F84E-4952-BAD5-C8592BA807F8} = {6C629A45-5C72-4C9E-A933-B4453EA051BD}
		{70B982E2-5866-4AF2-9CDA-AE70E7331D48} = {6C629A45-5C72-4C9E-A933-B4453EA051BD}
		{C33236FE-DE80-4228-8602-8C042A2B8215} = {5BFC55BA-B892-42F0-8FE7-FFB45901FC17}
		{DAAAF06D-4E67-4442-B695-3CC3A26E4E17} = {128C7D23-FBC5-4A09-BCB5-21471A7C7FEB}
		{128C7D23-FBC5-4A09-BCB5-21471A7C7FEB} = {C33236FE-DE80-4228-8602-8C042A2B8215}
		{8D7B7E3B-83B3-4D04-BDAE-07541F91B922} = {128C7D23-FBC5-4A09-BCB5-21471A7C7FEB}
		{7DF5CE32-5A9B-4755-9AAD-24BF1F01BE28} = {9A5B46EF-E71B-417E-893E-A73A92DBC154}
		{27D73D17-9CEB-4853-B2E0-9B76ABB172F3} = {B693745D-915B-44E7-9158-A7F52D6452E1}
		{931C5B60-3E28-474B-B92A-FF890A832704} = {F050858E-2346-44B1-BEEF-B684654C2D7C}
		{02CF626E-88D4-42BE-B6B0-E6565AF98015} = {4937C89A-F252-40CC-A0B4-29288F86AFB0}
		{4937C89A-F252-40CC-A0B4-29288F86AFB0} = {C33236FE-DE80-4228-8602-8C042A2B8215}
		{9A5B46EF-E71B-417E-893E-A73A92DBC154} = {C33236FE-DE80-4228-8602-8C042A2B8215}
		{F050858E-2346-44B1-BEEF-B684654C2D7C} = {C33236FE-DE80-4228-8602-8C042A2B8215}
		{B693745D-915B-44E7-9158-A7F52D6452E1} = {C33236FE-DE80-4228-8602-8C042A2B8215}
		{5CC90EAD-2CE1-4A62-B3CB-B49A3FF52D5D} = {C33236FE-DE80-4228-8602-8C042A2B8215}
		{0DE99ED9-61C4-4DA5-9834-FF82A89FBE29} = {5CC90EAD-2CE1-4A62-B3CB-B49A3FF52D5D}
		{0337A95D-6231-46EF-9DF0-3171E5E14ACF} = {5CC90EAD-2CE1-4A62-B3CB-B49A3FF52D5D}
		{D059F562-864D-4D5D-98EB-E0656A1884F5} = {5CC90EAD-2CE1-4A62-B3CB-B49A3FF52D5D}
		{7FD40EE9-A4F8-4C2B-B2AA-A2612ACC9F49} = {C33236FE-DE80-4228-8602-8C042A2B8215}
		{42A61961-FC5F-45FC-BAB3-A62506F0E465} = {5BFC55BA-B892-42F0-8FE7-FFB45901FC17}
		{A8BA1066-5695-4D71-ABB4-65E5A5E0C3D4} = {42A61961-FC5F-45FC-BAB3-A62506F0E465}
		{F8525E01-E841-4116-B398-ED78CD8F7F50} = {04C757D8-4F77-495C-80D6-5642F77A5899}
	EndGlobalSection
EndGlobal
